// !$*UTF8*$!
{
	archiveVersion = 1;
	classes = {
	};
	objectVersion = 77;
	objects = {

/* Begin PBXBuildFile section */
		941B59472ECDB02300B99489 /* CopyrightServiceProtocol.swift in Sources */ = {isa = PBXBuildFile; fileRef = 941B59462ECDB01300B99489 /* CopyrightServiceProtocol.swift */; };
		941B594A2ECDB1AD00B99489 /* CopyrightService.swift in Sources */ = {isa = PBXBuildFile; fileRef = 941B59492ECDB1A100B99489 /* CopyrightService.swift */; };
		9428D1622EE9EA3700D197E6 /* LaunchScreen.storyboard in Resources */ = {isa = PBXBuildFile; fileRef = 9428D1612EE9EA3700D197E6 /* LaunchScreen.storyboard */; };
		945F7AE52ED6E8E90009DB67 /* ISO8601Coder.swift in Sources */ = {isa = PBXBuildFile; fileRef = 945F7AE42ED6E8E00009DB67 /* ISO8601Coder.swift */; };
		9461FF932ECF2D840083B7D9 /* SearchService.swift in Sources */ = {isa = PBXBuildFile; fileRef = 9461FF922ECF2D7B0083B7D9 /* SearchService.swift */; };
		9461FF952ECF2DB40083B7D9 /* SearchServiceProtocol.swift in Sources */ = {isa = PBXBuildFile; fileRef = 9461FF942ECF2D980083B7D9 /* SearchServiceProtocol.swift */; };
		9461FF972ECF30F40083B7D9 /* BaseSerivce.swift in Sources */ = {isa = PBXBuildFile; fileRef = 9461FF962ECF30EC0083B7D9 /* BaseSerivce.swift */; };
		9461FFA62ECF41300083B7D9 /* ScheduleService.swift in Sources */ = {isa = PBXBuildFile; fileRef = 9461FFA52ECF41250083B7D9 /* ScheduleService.swift */; };
		9461FFA82ECF414B0083B7D9 /* ScheduleServiceProtocol.swift in Sources */ = {isa = PBXBuildFile; fileRef = 9461FFA72ECF41430083B7D9 /* ScheduleServiceProtocol.swift */; };
		9461FFAE2ECF49F70083B7D9 /* ThreadService.swift in Sources */ = {isa = PBXBuildFile; fileRef = 9461FFAD2ECF49EE0083B7D9 /* ThreadService.swift */; };
		9461FFB02ECF4A190083B7D9 /* ThreadServiceProtocol.swift in Sources */ = {isa = PBXBuildFile; fileRef = 9461FFAF2ECF4A0C0083B7D9 /* ThreadServiceProtocol.swift */; };
		9461FFBB2ED42E800083B7D9 /* NearestSettlementService.swift in Sources */ = {isa = PBXBuildFile; fileRef = 9461FFB82ED42E710083B7D9 /* NearestSettlementService.swift */; };
		9461FFBD2ED42E910083B7D9 /* NearestSettlementServiceProtocol.swift in Sources */ = {isa = PBXBuildFile; fileRef = 9461FFBC2ED42E870083B7D9 /* NearestSettlementServiceProtocol.swift */; };
		9461FFC22ED44B2F0083B7D9 /* CarrierService.swift in Sources */ = {isa = PBXBuildFile; fileRef = 9461FFC12ED44B260083B7D9 /* CarrierService.swift */; };
		9461FFC42ED44B3F0083B7D9 /* CarrierServiceProtocol.swift in Sources */ = {isa = PBXBuildFile; fileRef = 9461FFC32ED44B350083B7D9 /* CarrierServiceProtocol.swift */; };
		949EA7752ED6CD3800633E65 /* APIHelper.swift in Sources */ = {isa = PBXBuildFile; fileRef = 949EA7742ED6CD1B00633E65 /* APIHelper.swift */; };
		94A1FCF82ED58AD4009C8B0F /* StationsService.swift in Sources */ = {isa = PBXBuildFile; fileRef = 94A1FCF72ED58ACD009C8B0F /* StationsService.swift */; };
		94A1FCFA2ED58AE9009C8B0F /* StationsServiceProtocol.swift in Sources */ = {isa = PBXBuildFile; fileRef = 94A1FCF92ED58ADB009C8B0F /* StationsServiceProtocol.swift */; };
		94B671302ECF182B001E271D /* TimetableService.swift in Sources */ = {isa = PBXBuildFile; fileRef = 94B6712F2ECF1820001E271D /* TimetableService.swift */; };
		94B671322ECF1892001E271D /* TimetableServiceProtocol.swift in Sources */ = {isa = PBXBuildFile; fileRef = 94B671312ECF1884001E271D /* TimetableServiceProtocol.swift */; };
		94C4EBD82EC5F50E0086C35E /* Preview Assets.xcassets in Resources */ = {isa = PBXBuildFile; fileRef = 94C4EBD22EC5F50D0086C35E /* Preview Assets.xcassets */; };
		94C4EBD92EC5F50E0086C35E /* Assets.xcassets in Resources */ = {isa = PBXBuildFile; fileRef = 94C4EBD42EC5F50D0086C35E /* Assets.xcassets */; };
		94C4EBDA2EC5F50E0086C35E /* ContentView.swift in Sources */ = {isa = PBXBuildFile; fileRef = 94C4EBD52EC5F50D0086C35E /* ContentView.swift */; };
		94C4EBDB2EC5F50E0086C35E /* TravelScheduleApp.swift in Sources */ = {isa = PBXBuildFile; fileRef = 94C4EBD62EC5F50D0086C35E /* TravelScheduleApp.swift */; };
		94FBFF1D2ECB02DE00F2EBFB /* OpenAPIRuntime in Frameworks */ = {isa = PBXBuildFile; productRef = 94FBFF1C2ECB02DE00F2EBFB /* OpenAPIRuntime */; };
		94FBFF202ECB030D00F2EBFB /* OpenAPIURLSession in Frameworks */ = {isa = PBXBuildFile; productRef = 94FBFF1F2ECB030D00F2EBFB /* OpenAPIURLSession */; };
		94FBFF232ECB040500F2EBFB /* openapi.yaml in Resources */ = {isa = PBXBuildFile; fileRef = 94FBFF222ECB040500F2EBFB /* openapi.yaml */; };
		94FBFF252ECB043F00F2EBFB /* openapi-generator-config.yaml in Resources */ = {isa = PBXBuildFile; fileRef = 94FBFF242ECB042F00F2EBFB /* openapi-generator-config.yaml */; };
		94FBFF2A2ECB0D9100F2EBFB /* NearestStationsService.swift in Sources */ = {isa = PBXBuildFile; fileRef = 94FBFF292ECB0D8400F2EBFB /* NearestStationsService.swift */; };
		94FBFF2C2ECB0DDB00F2EBFB /* NearestStationsServiceProtocol.swift in Sources */ = {isa = PBXBuildFile; fileRef = 94FBFF2B2ECB0DCB00F2EBFB /* NearestStationsServiceProtocol.swift */; };
/* End PBXBuildFile section */

/* Begin PBXFileReference section */
		941B59462ECDB01300B99489 /* CopyrightServiceProtocol.swift */ = {isa = PBXFileReference; lastKnownFileType = sourcecode.swift; path = CopyrightServiceProtocol.swift; sourceTree = "<group>"; };
		941B59492ECDB1A100B99489 /* CopyrightService.swift */ = {isa = PBXFileReference; lastKnownFileType = sourcecode.swift; path = CopyrightService.swift; sourceTree = "<group>"; };
		9428D1612EE9EA3700D197E6 /* LaunchScreen.storyboard */ = {isa = PBXFileReference; lastKnownFileType = file.storyboard; path = LaunchScreen.storyboard; sourceTree = "<group>"; };
		945F7AE42ED6E8E00009DB67 /* ISO8601Coder.swift */ = {isa = PBXFileReference; lastKnownFileType = sourcecode.swift; path = ISO8601Coder.swift; sourceTree = "<group>"; };
		9461FF922ECF2D7B0083B7D9 /* SearchService.swift */ = {isa = PBXFileReference; lastKnownFileType = sourcecode.swift; path = SearchService.swift; sourceTree = "<group>"; };
		9461FF942ECF2D980083B7D9 /* SearchServiceProtocol.swift */ = {isa = PBXFileReference; lastKnownFileType = sourcecode.swift; path = SearchServiceProtocol.swift; sourceTree = "<group>"; };
		9461FF962ECF30EC0083B7D9 /* BaseSerivce.swift */ = {isa = PBXFileReference; lastKnownFileType = sourcecode.swift; path = BaseSerivce.swift; sourceTree = "<group>"; };
		9461FFA52ECF41250083B7D9 /* ScheduleService.swift */ = {isa = PBXFileReference; lastKnownFileType = sourcecode.swift; path = ScheduleService.swift; sourceTree = "<group>"; };
		9461FFA72ECF41430083B7D9 /* ScheduleServiceProtocol.swift */ = {isa = PBXFileReference; lastKnownFileType = sourcecode.swift; path = ScheduleServiceProtocol.swift; sourceTree = "<group>"; };
		9461FFAD2ECF49EE0083B7D9 /* ThreadService.swift */ = {isa = PBXFileReference; lastKnownFileType = sourcecode.swift; path = ThreadService.swift; sourceTree = "<group>"; };
		9461FFAF2ECF4A0C0083B7D9 /* ThreadServiceProtocol.swift */ = {isa = PBXFileReference; lastKnownFileType = sourcecode.swift; path = ThreadServiceProtocol.swift; sourceTree = "<group>"; };
		9461FFB82ED42E710083B7D9 /* NearestSettlementService.swift */ = {isa = PBXFileReference; lastKnownFileType = sourcecode.swift; path = NearestSettlementService.swift; sourceTree = "<group>"; };
		9461FFBC2ED42E870083B7D9 /* NearestSettlementServiceProtocol.swift */ = {isa = PBXFileReference; lastKnownFileType = sourcecode.swift; path = NearestSettlementServiceProtocol.swift; sourceTree = "<group>"; };
		9461FFC12ED44B260083B7D9 /* CarrierService.swift */ = {isa = PBXFileReference; lastKnownFileType = sourcecode.swift; path = CarrierService.swift; sourceTree = "<group>"; };
		9461FFC32ED44B350083B7D9 /* CarrierServiceProtocol.swift */ = {isa = PBXFileReference; lastKnownFileType = sourcecode.swift; path = CarrierServiceProtocol.swift; sourceTree = "<group>"; };
		949EA7742ED6CD1B00633E65 /* APIHelper.swift */ = {isa = PBXFileReference; lastKnownFileType = sourcecode.swift; path = APIHelper.swift; sourceTree = "<group>"; };
		94A1FCF72ED58ACD009C8B0F /* StationsService.swift */ = {isa = PBXFileReference; lastKnownFileType = sourcecode.swift; path = StationsService.swift; sourceTree = "<group>"; };
		94A1FCF92ED58ADB009C8B0F /* StationsServiceProtocol.swift */ = {isa = PBXFileReference; lastKnownFileType = sourcecode.swift; path = StationsServiceProtocol.swift; sourceTree = "<group>"; };
		94B6712F2ECF1820001E271D /* TimetableService.swift */ = {isa = PBXFileReference; lastKnownFileType = sourcecode.swift; path = TimetableService.swift; sourceTree = "<group>"; };
		94B671312ECF1884001E271D /* TimetableServiceProtocol.swift */ = {isa = PBXFileReference; lastKnownFileType = sourcecode.swift; path = TimetableServiceProtocol.swift; sourceTree = "<group>"; };
		94C4EBC12EC5F0A00086C35E /* TravelSchedule.app */ = {isa = PBXFileReference; explicitFileType = wrapper.application; includeInIndex = 0; path = TravelSchedule.app; sourceTree = BUILT_PRODUCTS_DIR; };
		94C4EBD22EC5F50D0086C35E /* Preview Assets.xcassets */ = {isa = PBXFileReference; lastKnownFileType = folder.assetcatalog; path = "Preview Assets.xcassets"; sourceTree = "<group>"; };
		94C4EBD42EC5F50D0086C35E /* Assets.xcassets */ = {isa = PBXFileReference; lastKnownFileType = folder.assetcatalog; path = Assets.xcassets; sourceTree = "<group>"; };
		94C4EBD52EC5F50D0086C35E /* ContentView.swift */ = {isa = PBXFileReference; lastKnownFileType = sourcecode.swift; path = ContentView.swift; sourceTree = "<group>"; };
		94C4EBD62EC5F50D0086C35E /* TravelScheduleApp.swift */ = {isa = PBXFileReference; lastKnownFileType = sourcecode.swift; path = TravelScheduleApp.swift; sourceTree = "<group>"; };
		94FBFF222ECB040500F2EBFB /* openapi.yaml */ = {isa = PBXFileReference; lastKnownFileType = text.yaml; path = openapi.yaml; sourceTree = "<group>"; };
		94FBFF242ECB042F00F2EBFB /* openapi-generator-config.yaml */ = {isa = PBXFileReference; lastKnownFileType = text.yaml; path = "openapi-generator-config.yaml"; sourceTree = "<group>"; };
		94FBFF292ECB0D8400F2EBFB /* NearestStationsService.swift */ = {isa = PBXFileReference; lastKnownFileType = sourcecode.swift; path = NearestStationsService.swift; sourceTree = "<group>"; };
		94FBFF2B2ECB0DCB00F2EBFB /* NearestStationsServiceProtocol.swift */ = {isa = PBXFileReference; lastKnownFileType = sourcecode.swift; path = NearestStationsServiceProtocol.swift; sourceTree = "<group>"; };
/* End PBXFileReference section */

/* Begin PBXFrameworksBuildPhase section */
		94C4EBBE2EC5F0A00086C35E /* Frameworks */ = {
			isa = PBXFrameworksBuildPhase;
			buildActionMask = 2147483647;
			files = (
				94FBFF1D2ECB02DE00F2EBFB /* OpenAPIRuntime in Frameworks */,
				94FBFF202ECB030D00F2EBFB /* OpenAPIURLSession in Frameworks */,
			);
			runOnlyForDeploymentPostprocessing = 0;
		};
/* End PBXFrameworksBuildPhase section */

/* Begin PBXGroup section */
		949EA7732ED6CD0E00633E65 /* Helpers */ = {
			isa = PBXGroup;
			children = (
				945F7AE42ED6E8E00009DB67 /* ISO8601Coder.swift */,
				949EA7742ED6CD1B00633E65 /* APIHelper.swift */,
			);
			path = Helpers;
			sourceTree = "<group>";
		};
		94A814CF2ED8518600DC20D7 /* Base */ = {
			isa = PBXGroup;
			children = (
				9461FF962ECF30EC0083B7D9 /* BaseSerivce.swift */,
			);
			path = Base;
			sourceTree = "<group>";
		};
		94A814D02ED8519300DC20D7 /* Search */ = {
			isa = PBXGroup;
			children = (
				9461FF942ECF2D980083B7D9 /* SearchServiceProtocol.swift */,
				9461FF922ECF2D7B0083B7D9 /* SearchService.swift */,
			);
			path = Search;
			sourceTree = "<group>";
		};
		94A814D12ED851B500DC20D7 /* Schedule */ = {
			isa = PBXGroup;
			children = (
				9461FFA72ECF41430083B7D9 /* ScheduleServiceProtocol.swift */,
				9461FFA52ECF41250083B7D9 /* ScheduleService.swift */,
			);
			path = Schedule;
			sourceTree = "<group>";
		};
		94A814D22ED851C500DC20D7 /* Thread */ = {
			isa = PBXGroup;
			children = (
				9461FFAF2ECF4A0C0083B7D9 /* ThreadServiceProtocol.swift */,
				9461FFAD2ECF49EE0083B7D9 /* ThreadService.swift */,
			);
			path = Thread;
			sourceTree = "<group>";
		};
		94A814D32ED851D700DC20D7 /* Stations */ = {
			isa = PBXGroup;
			children = (
				94A1FCF92ED58ADB009C8B0F /* StationsServiceProtocol.swift */,
				94A1FCF72ED58ACD009C8B0F /* StationsService.swift */,
			);
			path = Stations;
			sourceTree = "<group>";
		};
		94A814D42ED851E800DC20D7 /* Carrier */ = {
			isa = PBXGroup;
			children = (
				9461FFC32ED44B350083B7D9 /* CarrierServiceProtocol.swift */,
				9461FFC12ED44B260083B7D9 /* CarrierService.swift */,
			);
			path = Carrier;
			sourceTree = "<group>";
		};
		94A814D52ED851F600DC20D7 /* Nearest */ = {
			isa = PBXGroup;
			children = (
				9461FFBC2ED42E870083B7D9 /* NearestSettlementServiceProtocol.swift */,
				9461FFB82ED42E710083B7D9 /* NearestSettlementService.swift */,
				94FBFF2B2ECB0DCB00F2EBFB /* NearestStationsServiceProtocol.swift */,
				94FBFF292ECB0D8400F2EBFB /* NearestStationsService.swift */,
			);
			path = Nearest;
			sourceTree = "<group>";
		};
		94A814D62ED8520A00DC20D7 /* Copyright */ = {
			isa = PBXGroup;
			children = (
				941B59462ECDB01300B99489 /* CopyrightServiceProtocol.swift */,
				941B59492ECDB1A100B99489 /* CopyrightService.swift */,
			);
			path = Copyright;
			sourceTree = "<group>";
		};
		94A814D82ED8525A00DC20D7 /* Timetable */ = {
			isa = PBXGroup;
			children = (
				94B671312ECF1884001E271D /* TimetableServiceProtocol.swift */,
				94B6712F2ECF1820001E271D /* TimetableService.swift */,
			);
			path = Timetable;
			sourceTree = "<group>";
		};
		94C4EBB82EC5F0A00086C35E = {
			isa = PBXGroup;
			children = (
				94C4EBD72EC5F50D0086C35E /* TravelSchedule */,
				94C4EBC22EC5F0A00086C35E /* Products */,
			);
			sourceTree = "<group>";
		};
		94C4EBC22EC5F0A00086C35E /* Products */ = {
			isa = PBXGroup;
			children = (
				94C4EBC12EC5F0A00086C35E /* TravelSchedule.app */,
			);
			name = Products;
			sourceTree = "<group>";
		};
		94C4EBD32EC5F50D0086C35E /* Preview Content */ = {
			isa = PBXGroup;
			children = (
				94C4EBD22EC5F50D0086C35E /* Preview Assets.xcassets */,
			);
			path = "Preview Content";
			sourceTree = "<group>";
		};
		94C4EBD72EC5F50D0086C35E /* TravelSchedule */ = {
			isa = PBXGroup;
			children = (
				94C4EBDC2EC5F7260086C35E /* App */,
				949EA7732ED6CD0E00633E65 /* Helpers */,
				94FBFF2F2ECB15DA00F2EBFB /* Views */,
				94FBFF282ECB0D6400F2EBFB /* Services */,
				94C4EBD32EC5F50D0086C35E /* Preview Content */,
				94C4EBDD2EC5F7A60086C35E /* Resources */,
			);
			path = TravelSchedule;
			sourceTree = "<group>";
		};
		94C4EBDC2EC5F7260086C35E /* App */ = {
			isa = PBXGroup;
			children = (
				94C4EBD62EC5F50D0086C35E /* TravelScheduleApp.swift */,
			);
			path = App;
			sourceTree = "<group>";
		};
		94C4EBDD2EC5F7A60086C35E /* Resources */ = {
			isa = PBXGroup;
			children = (
				94FBFF212ECB03F800F2EBFB /* yaml */,
				9428D1612EE9EA3700D197E6 /* LaunchScreen.storyboard */,
				94C4EBD42EC5F50D0086C35E /* Assets.xcassets */,
			);
			path = Resources;
			sourceTree = "<group>";
		};
		94FBFF212ECB03F800F2EBFB /* yaml */ = {
			isa = PBXGroup;
			children = (
				94FBFF242ECB042F00F2EBFB /* openapi-generator-config.yaml */,
				94FBFF222ECB040500F2EBFB /* openapi.yaml */,
			);
			path = yaml;
			sourceTree = "<group>";
		};
		94FBFF282ECB0D6400F2EBFB /* Services */ = {
			isa = PBXGroup;
			children = (
				94A814D82ED8525A00DC20D7 /* Timetable */,
				94A814D62ED8520A00DC20D7 /* Copyright */,
				94A814D52ED851F600DC20D7 /* Nearest */,
				94A814D42ED851E800DC20D7 /* Carrier */,
				94A814D32ED851D700DC20D7 /* Stations */,
				94A814D22ED851C500DC20D7 /* Thread */,
				94A814D12ED851B500DC20D7 /* Schedule */,
				94A814D02ED8519300DC20D7 /* Search */,
				94A814CF2ED8518600DC20D7 /* Base */,
			);
			path = Services;
			sourceTree = "<group>";
		};
		94FBFF2F2ECB15DA00F2EBFB /* Views */ = {
			isa = PBXGroup;
			children = (
				94C4EBD52EC5F50D0086C35E /* ContentView.swift */,
			);
			path = Views;
			sourceTree = "<group>";
		};
/* End PBXGroup section */

/* Begin PBXNativeTarget section */
		94C4EBC02EC5F0A00086C35E /* TravelSchedule */ = {
			isa = PBXNativeTarget;
			buildConfigurationList = 94C4EBCF2EC5F0AE0086C35E /* Build configuration list for PBXNativeTarget "TravelSchedule" */;
			buildPhases = (
				94C4EBBD2EC5F0A00086C35E /* Sources */,
				94C4EBBE2EC5F0A00086C35E /* Frameworks */,
				94C4EBBF2EC5F0A00086C35E /* Resources */,
			);
			buildRules = (
			);
			dependencies = (
				94FBFF1A2ECB02B300F2EBFB /* PBXTargetDependency */,
			);
			name = TravelSchedule;
			packageProductDependencies = (
				94FBFF1C2ECB02DE00F2EBFB /* OpenAPIRuntime */,
				94FBFF1F2ECB030D00F2EBFB /* OpenAPIURLSession */,
			);
			productName = TravelSchedule;
			productReference = 94C4EBC12EC5F0A00086C35E /* TravelSchedule.app */;
			productType = "com.apple.product-type.application";
		};
/* End PBXNativeTarget section */

/* Begin PBXProject section */
		94C4EBB92EC5F0A00086C35E /* Project object */ = {
			isa = PBXProject;
			attributes = {
				BuildIndependentTargetsInParallel = 1;
				LastSwiftUpdateCheck = 1620;
				LastUpgradeCheck = 1620;
				TargetAttributes = {
					94C4EBC02EC5F0A00086C35E = {
						CreatedOnToolsVersion = 16.2;
					};
				};
			};
			buildConfigurationList = 94C4EBBC2EC5F0A00086C35E /* Build configuration list for PBXProject "TravelSchedule" */;
			developmentRegion = en;
			hasScannedForEncodings = 0;
			knownRegions = (
				en,
				Base,
			);
			mainGroup = 94C4EBB82EC5F0A00086C35E;
			minimizedProjectReferenceProxies = 1;
			packageReferences = (
				94FBFF162ECB028800F2EBFB /* XCRemoteSwiftPackageReference "swift-openapi-generator" */,
				94FBFF1B2ECB02DE00F2EBFB /* XCRemoteSwiftPackageReference "swift-openapi-runtime" */,
				94FBFF1E2ECB030D00F2EBFB /* XCRemoteSwiftPackageReference "swift-openapi-urlsession" */,
			);
			preferredProjectObjectVersion = 77;
			productRefGroup = 94C4EBC22EC5F0A00086C35E /* Products */;
			projectDirPath = "";
			projectRoot = "";
			targets = (
				94C4EBC02EC5F0A00086C35E /* TravelSchedule */,
			);
		};
/* End PBXProject section */

/* Begin PBXResourcesBuildPhase section */
		94C4EBBF2EC5F0A00086C35E /* Resources */ = {
			isa = PBXResourcesBuildPhase;
			buildActionMask = 2147483647;
			files = (
				94C4EBD82EC5F50E0086C35E /* Preview Assets.xcassets in Resources */,
				94FBFF252ECB043F00F2EBFB /* openapi-generator-config.yaml in Resources */,
				94C4EBD92EC5F50E0086C35E /* Assets.xcassets in Resources */,
				9428D1622EE9EA3700D197E6 /* LaunchScreen.storyboard in Resources */,
				94FBFF232ECB040500F2EBFB /* openapi.yaml in Resources */,
			);
			runOnlyForDeploymentPostprocessing = 0;
		};
/* End PBXResourcesBuildPhase section */

/* Begin PBXSourcesBuildPhase section */
		94C4EBBD2EC5F0A00086C35E /* Sources */ = {
			isa = PBXSourcesBuildPhase;
			buildActionMask = 2147483647;
			files = (
				9461FFC22ED44B2F0083B7D9 /* CarrierService.swift in Sources */,
				9461FF932ECF2D840083B7D9 /* SearchService.swift in Sources */,
				9461FFBB2ED42E800083B7D9 /* NearestSettlementService.swift in Sources */,
				94C4EBDA2EC5F50E0086C35E /* ContentView.swift in Sources */,
				9461FFC42ED44B3F0083B7D9 /* CarrierServiceProtocol.swift in Sources */,
				9461FFA82ECF414B0083B7D9 /* ScheduleServiceProtocol.swift in Sources */,
				94FBFF2C2ECB0DDB00F2EBFB /* NearestStationsServiceProtocol.swift in Sources */,
				9461FF952ECF2DB40083B7D9 /* SearchServiceProtocol.swift in Sources */,
				94B671302ECF182B001E271D /* TimetableService.swift in Sources */,
				94A1FCFA2ED58AE9009C8B0F /* StationsServiceProtocol.swift in Sources */,
				94B671322ECF1892001E271D /* TimetableServiceProtocol.swift in Sources */,
				94A1FCF82ED58AD4009C8B0F /* StationsService.swift in Sources */,
				9461FFA62ECF41300083B7D9 /* ScheduleService.swift in Sources */,
				945F7AE52ED6E8E90009DB67 /* ISO8601Coder.swift in Sources */,
				9461FFB02ECF4A190083B7D9 /* ThreadServiceProtocol.swift in Sources */,
				9461FFBD2ED42E910083B7D9 /* NearestSettlementServiceProtocol.swift in Sources */,
				941B59472ECDB02300B99489 /* CopyrightServiceProtocol.swift in Sources */,
				9461FFAE2ECF49F70083B7D9 /* ThreadService.swift in Sources */,
				94FBFF2A2ECB0D9100F2EBFB /* NearestStationsService.swift in Sources */,
				9461FF972ECF30F40083B7D9 /* BaseSerivce.swift in Sources */,
				94C4EBDB2EC5F50E0086C35E /* TravelScheduleApp.swift in Sources */,
				949EA7752ED6CD3800633E65 /* APIHelper.swift in Sources */,
				941B594A2ECDB1AD00B99489 /* CopyrightService.swift in Sources */,
			);
			runOnlyForDeploymentPostprocessing = 0;
		};
/* End PBXSourcesBuildPhase section */

/* Begin PBXTargetDependency section */
		94FBFF1A2ECB02B300F2EBFB /* PBXTargetDependency */ = {
			isa = PBXTargetDependency;
			productRef = 94FBFF192ECB02B300F2EBFB /* OpenAPIGenerator */;
		};
/* End PBXTargetDependency section */

/* Begin XCBuildConfiguration section */
		94C4EBCD2EC5F0AE0086C35E /* Debug */ = {
			isa = XCBuildConfiguration;
			buildSettings = {
				ALWAYS_SEARCH_USER_PATHS = NO;
				ASSETCATALOG_COMPILER_GENERATE_SWIFT_ASSET_SYMBOL_EXTENSIONS = YES;
				CLANG_ANALYZER_NONNULL = YES;
				CLANG_ANALYZER_NUMBER_OBJECT_CONVERSION = YES_AGGRESSIVE;
				CLANG_CXX_LANGUAGE_STANDARD = "gnu++20";
				CLANG_ENABLE_MODULES = YES;
				CLANG_ENABLE_OBJC_ARC = YES;
				CLANG_ENABLE_OBJC_WEAK = YES;
				CLANG_WARN_BLOCK_CAPTURE_AUTORELEASING = YES;
				CLANG_WARN_BOOL_CONVERSION = YES;
				CLANG_WARN_COMMA = YES;
				CLANG_WARN_CONSTANT_CONVERSION = YES;
				CLANG_WARN_DEPRECATED_OBJC_IMPLEMENTATIONS = YES;
				CLANG_WARN_DIRECT_OBJC_ISA_USAGE = YES_ERROR;
				CLANG_WARN_DOCUMENTATION_COMMENTS = YES;
				CLANG_WARN_EMPTY_BODY = YES;
				CLANG_WARN_ENUM_CONVERSION = YES;
				CLANG_WARN_INFINITE_RECURSION = YES;
				CLANG_WARN_INT_CONVERSION = YES;
				CLANG_WARN_NON_LITERAL_NULL_CONVERSION = YES;
				CLANG_WARN_OBJC_IMPLICIT_RETAIN_SELF = YES;
				CLANG_WARN_OBJC_LITERAL_CONVERSION = YES;
				CLANG_WARN_OBJC_ROOT_CLASS = YES_ERROR;
				CLANG_WARN_QUOTED_INCLUDE_IN_FRAMEWORK_HEADER = YES;
				CLANG_WARN_RANGE_LOOP_ANALYSIS = YES;
				CLANG_WARN_STRICT_PROTOTYPES = YES;
				CLANG_WARN_SUSPICIOUS_MOVE = YES;
				CLANG_WARN_UNGUARDED_AVAILABILITY = YES_AGGRESSIVE;
				CLANG_WARN_UNREACHABLE_CODE = YES;
				CLANG_WARN__DUPLICATE_METHOD_MATCH = YES;
				COPY_PHASE_STRIP = NO;
				DEBUG_INFORMATION_FORMAT = dwarf;
				ENABLE_STRICT_OBJC_MSGSEND = YES;
				ENABLE_TESTABILITY = YES;
				ENABLE_USER_SCRIPT_SANDBOXING = YES;
				GCC_C_LANGUAGE_STANDARD = gnu17;
				GCC_DYNAMIC_NO_PIC = NO;
				GCC_NO_COMMON_BLOCKS = YES;
				GCC_OPTIMIZATION_LEVEL = 0;
				GCC_PREPROCESSOR_DEFINITIONS = (
					"DEBUG=1",
					"$(inherited)",
				);
				GCC_WARN_64_TO_32_BIT_CONVERSION = YES;
				GCC_WARN_ABOUT_RETURN_TYPE = YES_ERROR;
				GCC_WARN_UNDECLARED_SELECTOR = YES;
				GCC_WARN_UNINITIALIZED_AUTOS = YES_AGGRESSIVE;
				GCC_WARN_UNUSED_FUNCTION = YES;
				GCC_WARN_UNUSED_VARIABLE = YES;
				IPHONEOS_DEPLOYMENT_TARGET = 18.2;
				LOCALIZATION_PREFERS_STRING_CATALOGS = YES;
				MTL_ENABLE_DEBUG_INFO = INCLUDE_SOURCE;
				MTL_FAST_MATH = YES;
				ONLY_ACTIVE_ARCH = YES;
				SDKROOT = iphoneos;
				SWIFT_ACTIVE_COMPILATION_CONDITIONS = "DEBUG $(inherited)";
				SWIFT_OPTIMIZATION_LEVEL = "-Onone";
			};
			name = Debug;
		};
		94C4EBCE2EC5F0AE0086C35E /* Release */ = {
			isa = XCBuildConfiguration;
			buildSettings = {
				ALWAYS_SEARCH_USER_PATHS = NO;
				ASSETCATALOG_COMPILER_GENERATE_SWIFT_ASSET_SYMBOL_EXTENSIONS = YES;
				CLANG_ANALYZER_NONNULL = YES;
				CLANG_ANALYZER_NUMBER_OBJECT_CONVERSION = YES_AGGRESSIVE;
				CLANG_CXX_LANGUAGE_STANDARD = "gnu++20";
				CLANG_ENABLE_MODULES = YES;
				CLANG_ENABLE_OBJC_ARC = YES;
				CLANG_ENABLE_OBJC_WEAK = YES;
				CLANG_WARN_BLOCK_CAPTURE_AUTORELEASING = YES;
				CLANG_WARN_BOOL_CONVERSION = YES;
				CLANG_WARN_COMMA = YES;
				CLANG_WARN_CONSTANT_CONVERSION = YES;
				CLANG_WARN_DEPRECATED_OBJC_IMPLEMENTATIONS = YES;
				CLANG_WARN_DIRECT_OBJC_ISA_USAGE = YES_ERROR;
				CLANG_WARN_DOCUMENTATION_COMMENTS = YES;
				CLANG_WARN_EMPTY_BODY = YES;
				CLANG_WARN_ENUM_CONVERSION = YES;
				CLANG_WARN_INFINITE_RECURSION = YES;
				CLANG_WARN_INT_CONVERSION = YES;
				CLANG_WARN_NON_LITERAL_NULL_CONVERSION = YES;
				CLANG_WARN_OBJC_IMPLICIT_RETAIN_SELF = YES;
				CLANG_WARN_OBJC_LITERAL_CONVERSION = YES;
				CLANG_WARN_OBJC_ROOT_CLASS = YES_ERROR;
				CLANG_WARN_QUOTED_INCLUDE_IN_FRAMEWORK_HEADER = YES;
				CLANG_WARN_RANGE_LOOP_ANALYSIS = YES;
				CLANG_WARN_STRICT_PROTOTYPES = YES;
				CLANG_WARN_SUSPICIOUS_MOVE = YES;
				CLANG_WARN_UNGUARDED_AVAILABILITY = YES_AGGRESSIVE;
				CLANG_WARN_UNREACHABLE_CODE = YES;
				CLANG_WARN__DUPLICATE_METHOD_MATCH = YES;
				COPY_PHASE_STRIP = NO;
				DEBUG_INFORMATION_FORMAT = "dwarf-with-dsym";
				ENABLE_NS_ASSERTIONS = NO;
				ENABLE_STRICT_OBJC_MSGSEND = YES;
				ENABLE_USER_SCRIPT_SANDBOXING = YES;
				GCC_C_LANGUAGE_STANDARD = gnu17;
				GCC_NO_COMMON_BLOCKS = YES;
				GCC_WARN_64_TO_32_BIT_CONVERSION = YES;
				GCC_WARN_ABOUT_RETURN_TYPE = YES_ERROR;
				GCC_WARN_UNDECLARED_SELECTOR = YES;
				GCC_WARN_UNINITIALIZED_AUTOS = YES_AGGRESSIVE;
				GCC_WARN_UNUSED_FUNCTION = YES;
				GCC_WARN_UNUSED_VARIABLE = YES;
				IPHONEOS_DEPLOYMENT_TARGET = 18.2;
				LOCALIZATION_PREFERS_STRING_CATALOGS = YES;
				MTL_ENABLE_DEBUG_INFO = NO;
				MTL_FAST_MATH = YES;
				SDKROOT = iphoneos;
				SWIFT_COMPILATION_MODE = wholemodule;
				VALIDATE_PRODUCT = YES;
			};
			name = Release;
		};
		94C4EBD02EC5F0AE0086C35E /* Debug */ = {
			isa = XCBuildConfiguration;
			buildSettings = {
				ASSETCATALOG_COMPILER_APPICON_NAME = AppIcon;
				ASSETCATALOG_COMPILER_GLOBAL_ACCENT_COLOR_NAME = AccentColor;
				CODE_SIGN_STYLE = Automatic;
				CURRENT_PROJECT_VERSION = 1;
				DEVELOPMENT_ASSET_PATHS = "\"TravelSchedule/Preview Content\"";
				DEVELOPMENT_TEAM = 9CRL79R2YB;
				ENABLE_PREVIEWS = YES;
				GENERATE_INFOPLIST_FILE = YES;
				INFOPLIST_KEY_UIApplicationSceneManifest_Generation = YES;
				INFOPLIST_KEY_UIApplicationSupportsIndirectInputEvents = YES;
				INFOPLIST_KEY_UILaunchScreen_Generation = YES;
				INFOPLIST_KEY_UILaunchStoryboardName = LaunchScreen.storyboard;
				INFOPLIST_KEY_UIRequiresFullScreen = YES;
				INFOPLIST_KEY_UISupportedInterfaceOrientations = UIInterfaceOrientationPortrait;
				IPHONEOS_DEPLOYMENT_TARGET = 17.0;
				LD_RUNPATH_SEARCH_PATHS = (
					"$(inherited)",
					"@executable_path/Frameworks",
				);
				MARKETING_VERSION = 1.0;
				PRODUCT_BUNDLE_IDENTIFIER = ru.redmadcat.TravelSchedule;
				PRODUCT_NAME = "$(TARGET_NAME)";
				SWIFT_EMIT_LOC_STRINGS = YES;
				SWIFT_VERSION = 5.0;
				TARGETED_DEVICE_FAMILY = "1,2";
			};
			name = Debug;
		};
		94C4EBD12EC5F0AE0086C35E /* Release */ = {
			isa = XCBuildConfiguration;
			buildSettings = {
				ASSETCATALOG_COMPILER_APPICON_NAME = AppIcon;
				ASSETCATALOG_COMPILER_GLOBAL_ACCENT_COLOR_NAME = AccentColor;
				CODE_SIGN_STYLE = Automatic;
				CURRENT_PROJECT_VERSION = 1;
				DEVELOPMENT_ASSET_PATHS = "\"TravelSchedule/Preview Content\"";
				DEVELOPMENT_TEAM = 9CRL79R2YB;
				ENABLE_PREVIEWS = YES;
				GENERATE_INFOPLIST_FILE = YES;
				INFOPLIST_KEY_UIApplicationSceneManifest_Generation = YES;
				INFOPLIST_KEY_UIApplicationSupportsIndirectInputEvents = YES;
				INFOPLIST_KEY_UILaunchScreen_Generation = YES;
				INFOPLIST_KEY_UILaunchStoryboardName = LaunchScreen.storyboard;
				INFOPLIST_KEY_UIRequiresFullScreen = YES;
				INFOPLIST_KEY_UISupportedInterfaceOrientations = UIInterfaceOrientationPortrait;
				IPHONEOS_DEPLOYMENT_TARGET = 17.0;
				LD_RUNPATH_SEARCH_PATHS = (
					"$(inherited)",
					"@executable_path/Frameworks",
				);
				MARKETING_VERSION = 1.0;
				PRODUCT_BUNDLE_IDENTIFIER = ru.redmadcat.TravelSchedule;
				PRODUCT_NAME = "$(TARGET_NAME)";
				SWIFT_EMIT_LOC_STRINGS = YES;
				SWIFT_VERSION = 5.0;
				TARGETED_DEVICE_FAMILY = "1,2";
			};
			name = Release;
		};
/* End XCBuildConfiguration section */

/* Begin XCConfigurationList section */
		94C4EBBC2EC5F0A00086C35E /* Build configuration list for PBXProject "TravelSchedule" */ = {
			isa = XCConfigurationList;
			buildConfigurations = (
				94C4EBCD2EC5F0AE0086C35E /* Debug */,
				94C4EBCE2EC5F0AE0086C35E /* Release */,
			);
			defaultConfigurationIsVisible = 0;
			defaultConfigurationName = Release;
		};
		94C4EBCF2EC5F0AE0086C35E /* Build configuration list for PBXNativeTarget "TravelSchedule" */ = {
			isa = XCConfigurationList;
			buildConfigurations = (
				94C4EBD02EC5F0AE0086C35E /* Debug */,
				94C4EBD12EC5F0AE0086C35E /* Release */,
			);
			defaultConfigurationIsVisible = 0;
			defaultConfigurationName = Release;
		};
/* End XCConfigurationList section */

/* Begin XCRemoteSwiftPackageReference section */
		94FBFF162ECB028800F2EBFB /* XCRemoteSwiftPackageReference "swift-openapi-generator" */ = {
			isa = XCRemoteSwiftPackageReference;
			repositoryURL = "https://github.com/apple/swift-openapi-generator";
			requirement = {
				kind = upToNextMajorVersion;
				minimumVersion = 1.10.3;
			};
		};
		94FBFF1B2ECB02DE00F2EBFB /* XCRemoteSwiftPackageReference "swift-openapi-runtime" */ = {
			isa = XCRemoteSwiftPackageReference;
			repositoryURL = "https://github.com/apple/swift-openapi-runtime/";
			requirement = {
				kind = upToNextMajorVersion;
				minimumVersion = 1.8.3;
			};
		};
		94FBFF1E2ECB030D00F2EBFB /* XCRemoteSwiftPackageReference "swift-openapi-urlsession" */ = {
			isa = XCRemoteSwiftPackageReference;
			repositoryURL = "https://github.com/apple/swift-openapi-urlsession";
			requirement = {
				kind = upToNextMajorVersion;
				minimumVersion = 1.2.0;
			};
		};
/* End XCRemoteSwiftPackageReference section */

/* Begin XCSwiftPackageProductDependency section */
		94FBFF192ECB02B300F2EBFB /* OpenAPIGenerator */ = {
			isa = XCSwiftPackageProductDependency;
			package = 94FBFF162ECB028800F2EBFB /* XCRemoteSwiftPackageReference "swift-openapi-generator" */;
			productName = "plugin:OpenAPIGenerator";
		};
		94FBFF1C2ECB02DE00F2EBFB /* OpenAPIRuntime */ = {
			isa = XCSwiftPackageProductDependency;
			package = 94FBFF1B2ECB02DE00F2EBFB /* XCRemoteSwiftPackageReference "swift-openapi-runtime" */;
			productName = OpenAPIRuntime;
		};
		94FBFF1F2ECB030D00F2EBFB /* OpenAPIURLSession */ = {
			isa = XCSwiftPackageProductDependency;
			package = 94FBFF1E2ECB030D00F2EBFB /* XCRemoteSwiftPackageReference "swift-openapi-urlsession" */;
			productName = OpenAPIURLSession;
		};
/* End XCSwiftPackageProductDependency section */
	};
	rootObject = 94C4EBB92EC5F0A00086C35E /* Project object */;
}
