// !$*UTF8*$!
{
	archiveVersion = 1;
	classes = {
	};
	objectVersion = 77;
	objects = {

/* Begin PBXBuildFile section */
		94047D272F21ED890017481C /* StoriesRibbonViewModel.swift in Sources */ = {isa = PBXBuildFile; fileRef = 94047D262F21ED820017481C /* StoriesRibbonViewModel.swift */; };
		94047D2D2F21F9080017481C /* StoriesProgressBarVew+Timer.swift in Sources */ = {isa = PBXBuildFile; fileRef = 94047D2C2F21F8F40017481C /* StoriesProgressBarVew+Timer.swift */; };
		94047D342F21FB520017481C /* StoriesViewModel.swift in Sources */ = {isa = PBXBuildFile; fileRef = 94047D332F21FB4D0017481C /* StoriesViewModel.swift */; };
		9407EA392F03F93C006BFADF /* Route.swift in Sources */ = {isa = PBXBuildFile; fileRef = 9407EA382F03F934006BFADF /* Route.swift */; };
		9407EADD2F0B0D36006BFADF /* SearchStubView.swift in Sources */ = {isa = PBXBuildFile; fileRef = 9407EADC2F0B0D36006BFADF /* SearchStubView.swift */; };
		9407EAE52F0BD341006BFADF /* CarrierView.swift in Sources */ = {isa = PBXBuildFile; fileRef = 9407EAE42F0BD341006BFADF /* CarrierView.swift */; };
		9407EAE72F0BD5C2006BFADF /* RouteExtension.swift in Sources */ = {isa = PBXBuildFile; fileRef = 9407EAE62F0BD5BA006BFADF /* RouteExtension.swift */; };
		9407EB082F0C5726006BFADF /* ErrorView.swift in Sources */ = {isa = PBXBuildFile; fileRef = 9407EB072F0C5726006BFADF /* ErrorView.swift */; };
		9407EB232F0D3B3E006BFADF /* ErrorType.swift in Sources */ = {isa = PBXBuildFile; fileRef = 9407EB222F0D3B37006BFADF /* ErrorType.swift */; };
		9407EB262F0D3E30006BFADF /* APIResponseStatus.swift in Sources */ = {isa = PBXBuildFile; fileRef = 9407EB252F0D3E27006BFADF /* APIResponseStatus.swift */; };
		94121AFF2F11772E00726955 /* CarrierViewModel.swift in Sources */ = {isa = PBXBuildFile; fileRef = 94121AFD2F11772300726955 /* CarrierViewModel.swift */; };
		94121B0C2F1191C100726955 /* CarrierBuilder.swift in Sources */ = {isa = PBXBuildFile; fileRef = 94121B0B2F1191B900726955 /* CarrierBuilder.swift */; };
		94121B132F1196A900726955 /* CarrierListView.swift in Sources */ = {isa = PBXBuildFile; fileRef = 94121B122F1196A900726955 /* CarrierListView.swift */; };
		941B59472ECDB02300B99489 /* CopyrightServiceProtocol.swift in Sources */ = {isa = PBXBuildFile; fileRef = 941B59462ECDB01300B99489 /* CopyrightServiceProtocol.swift */; };
		941B594A2ECDB1AD00B99489 /* CopyrightService.swift in Sources */ = {isa = PBXBuildFile; fileRef = 941B59492ECDB1A100B99489 /* CopyrightService.swift */; };
		941E92652EF918C500327652 /* SearchView.swift in Sources */ = {isa = PBXBuildFile; fileRef = 941E92632EF918B300327652 /* SearchView.swift */; };
		941E92822EF92DC700327652 /* SettlementRowView.swift in Sources */ = {isa = PBXBuildFile; fileRef = 941E92802EF92DBB00327652 /* SettlementRowView.swift */; };
		941E928B2EF936F300327652 /* StationView.swift in Sources */ = {isa = PBXBuildFile; fileRef = 941E928A2EF936EE00327652 /* StationView.swift */; };
		941E92992EF93C7700327652 /* SettlementViewModel.swift in Sources */ = {isa = PBXBuildFile; fileRef = 941E92972EF93C6F00327652 /* SettlementViewModel.swift */; };
		941E929B2EF93CE600327652 /* SettlementBuilder.swift in Sources */ = {isa = PBXBuildFile; fileRef = 941E929A2EF93CDF00327652 /* SettlementBuilder.swift */; };
		941E92EA2EFA94C100327652 /* SettlementListView.swift in Sources */ = {isa = PBXBuildFile; fileRef = 941E92E92EFA94C100327652 /* SettlementListView.swift */; };
		941E92FA2EFA9FE500327652 /* ProgressLoadingView.swift in Sources */ = {isa = PBXBuildFile; fileRef = 941E92F92EFA9FE500327652 /* ProgressLoadingView.swift */; };
		9428D1622EE9EA3700D197E6 /* LaunchScreen.storyboard in Resources */ = {isa = PBXBuildFile; fileRef = 9428D1612EE9EA3700D197E6 /* LaunchScreen.storyboard */; };
		944309D02EF0155600AA53FF /* ScheduleView.swift in Sources */ = {isa = PBXBuildFile; fileRef = 944309CF2EF0154F00AA53FF /* ScheduleView.swift */; };
		944309D52EF017AF00AA53FF /* SettingsView.swift in Sources */ = {isa = PBXBuildFile; fileRef = 944309D32EF017A600AA53FF /* SettingsView.swift */; };
		944309D92EF018C200AA53FF /* RoutePickerView.swift in Sources */ = {isa = PBXBuildFile; fileRef = 944309D82EF018AE00AA53FF /* RoutePickerView.swift */; };
		944309DB2EF0199200AA53FF /* RouteFinderView.swift in Sources */ = {isa = PBXBuildFile; fileRef = 944309DA2EF0198A00AA53FF /* RouteFinderView.swift */; };
		945CFE9C2EFC027800930390 /* StationListView.swift in Sources */ = {isa = PBXBuildFile; fileRef = 945CFE9B2EFC027800930390 /* StationListView.swift */; };
		945CFE9E2EFC02F400930390 /* StationRowView.swift in Sources */ = {isa = PBXBuildFile; fileRef = 945CFE9D2EFC02F400930390 /* StationRowView.swift */; };
		945F7AE52ED6E8E90009DB67 /* ISO8601Coder.swift in Sources */ = {isa = PBXBuildFile; fileRef = 945F7AE42ED6E8E00009DB67 /* ISO8601Coder.swift */; };
		9461FF932ECF2D840083B7D9 /* SearchService.swift in Sources */ = {isa = PBXBuildFile; fileRef = 9461FF922ECF2D7B0083B7D9 /* SearchService.swift */; };
		9461FF952ECF2DB40083B7D9 /* SearchServiceProtocol.swift in Sources */ = {isa = PBXBuildFile; fileRef = 9461FF942ECF2D980083B7D9 /* SearchServiceProtocol.swift */; };
		9461FF972ECF30F40083B7D9 /* BaseSerivce.swift in Sources */ = {isa = PBXBuildFile; fileRef = 9461FF962ECF30EC0083B7D9 /* BaseSerivce.swift */; };
		9461FFA62ECF41300083B7D9 /* ScheduleService.swift in Sources */ = {isa = PBXBuildFile; fileRef = 9461FFA52ECF41250083B7D9 /* ScheduleService.swift */; };
		9461FFA82ECF414B0083B7D9 /* ScheduleServiceProtocol.swift in Sources */ = {isa = PBXBuildFile; fileRef = 9461FFA72ECF41430083B7D9 /* ScheduleServiceProtocol.swift */; };
		9461FFAE2ECF49F70083B7D9 /* ThreadService.swift in Sources */ = {isa = PBXBuildFile; fileRef = 9461FFAD2ECF49EE0083B7D9 /* ThreadService.swift */; };
		9461FFB02ECF4A190083B7D9 /* ThreadServiceProtocol.swift in Sources */ = {isa = PBXBuildFile; fileRef = 9461FFAF2ECF4A0C0083B7D9 /* ThreadServiceProtocol.swift */; };
		9461FFBB2ED42E800083B7D9 /* NearestSettlementService.swift in Sources */ = {isa = PBXBuildFile; fileRef = 9461FFB82ED42E710083B7D9 /* NearestSettlementService.swift */; };
		9461FFBD2ED42E910083B7D9 /* NearestSettlementServiceProtocol.swift in Sources */ = {isa = PBXBuildFile; fileRef = 9461FFBC2ED42E870083B7D9 /* NearestSettlementServiceProtocol.swift */; };
		9461FFC22ED44B2F0083B7D9 /* CarrierService.swift in Sources */ = {isa = PBXBuildFile; fileRef = 9461FFC12ED44B260083B7D9 /* CarrierService.swift */; };
		9461FFC42ED44B3F0083B7D9 /* CarrierServiceProtocol.swift in Sources */ = {isa = PBXBuildFile; fileRef = 9461FFC32ED44B350083B7D9 /* CarrierServiceProtocol.swift */; };
		947156F52EF13D6B00C56B20 /* Localizable.xcstrings in Resources */ = {isa = PBXBuildFile; fileRef = 947156F42EF13D6B00C56B20 /* Localizable.xcstrings */; };
		94847B8B2F1F8E6A00265BAD /* StoriesRibbonView.swift in Sources */ = {isa = PBXBuildFile; fileRef = 94847B8A2F1F8E6A00265BAD /* StoriesRibbonView.swift */; };
		948B3F0D2F20D06F007DB64F /* StationViewModel.swift in Sources */ = {isa = PBXBuildFile; fileRef = 948B3F0C2F20D067007DB64F /* StationViewModel.swift */; };
		948B3F0F2F20D1F2007DB64F /* StationBuilder.swift in Sources */ = {isa = PBXBuildFile; fileRef = 948B3F0E2F20D1ED007DB64F /* StationBuilder.swift */; };
		948C3F992F1C61B6008B9C89 /* CarrierContactsInfoView.swift in Sources */ = {isa = PBXBuildFile; fileRef = 948C3F982F1C61B5008B9C89 /* CarrierContactsInfoView.swift */; };
		948C3FBD2F1D5C54008B9C89 /* UserAgreementView.swift in Sources */ = {isa = PBXBuildFile; fileRef = 948C3FBC2F1D5C54008B9C89 /* UserAgreementView.swift */; };
		948C3FD12F1D69B3008B9C89 /* UserAgreementTextView.swift in Sources */ = {isa = PBXBuildFile; fileRef = 948C3FD02F1D69B3008B9C89 /* UserAgreementTextView.swift */; };
		948C40282F1E1471008B9C89 /* ThemeManager.swift in Sources */ = {isa = PBXBuildFile; fileRef = 948C40272F1E1468008B9C89 /* ThemeManager.swift */; };
		948C40422F1E2FE0008B9C89 /* Appearance.swift in Sources */ = {isa = PBXBuildFile; fileRef = 948C40412F1E2FD6008B9C89 /* Appearance.swift */; };
		948C40442F1E3001008B9C89 /* ExtensionAppearance.swift in Sources */ = {isa = PBXBuildFile; fileRef = 948C40432F1E2FF9008B9C89 /* ExtensionAppearance.swift */; };
		948C40482F1E3C67008B9C89 /* Story.swift in Sources */ = {isa = PBXBuildFile; fileRef = 948C40472F1E3C63008B9C89 /* Story.swift */; };
		948C404A2F1E3D09008B9C89 /* MockStories.swift in Sources */ = {isa = PBXBuildFile; fileRef = 948C40492F1E3D02008B9C89 /* MockStories.swift */; };
		948C404C2F1E3FB6008B9C89 /* StoryPreviewView.swift in Sources */ = {isa = PBXBuildFile; fileRef = 948C404B2F1E3FB6008B9C89 /* StoryPreviewView.swift */; };
		948C40582F1E4D5D008B9C89 /* StoriesView.swift in Sources */ = {isa = PBXBuildFile; fileRef = 948C40572F1E4D5D008B9C89 /* StoriesView.swift */; };
		948C40652F1E5175008B9C89 /* StoryView.swift in Sources */ = {isa = PBXBuildFile; fileRef = 948C40642F1E5175008B9C89 /* StoryView.swift */; };
		948C406C2F1E59B6008B9C89 /* ProgressBarView.swift in Sources */ = {isa = PBXBuildFile; fileRef = 948C406B2F1E59B6008B9C89 /* ProgressBarView.swift */; };
		948C40832F1E6788008B9C89 /* StoriesTabView.swift in Sources */ = {isa = PBXBuildFile; fileRef = 948C40822F1E6788008B9C89 /* StoriesTabView.swift */; };
		948C40882F1E68BB008B9C89 /* TimerConfiguration.swift in Sources */ = {isa = PBXBuildFile; fileRef = 948C40872F1E68B2008B9C89 /* TimerConfiguration.swift */; };
		948C408A2F1E6986008B9C89 /* TimerConfiguration+Calculations.swift in Sources */ = {isa = PBXBuildFile; fileRef = 948C40892F1E6975008B9C89 /* TimerConfiguration+Calculations.swift */; };
		948C408C2F1E80EF008B9C89 /* StoriesProgressBarView.swift in Sources */ = {isa = PBXBuildFile; fileRef = 948C408B2F1E80DB008B9C89 /* StoriesProgressBarView.swift */; };
		949EA7752ED6CD3800633E65 /* APIHelper.swift in Sources */ = {isa = PBXBuildFile; fileRef = 949EA7742ED6CD1B00633E65 /* APIHelper.swift */; };
		94A1FCF82ED58AD4009C8B0F /* StationsService.swift in Sources */ = {isa = PBXBuildFile; fileRef = 94A1FCF72ED58ACD009C8B0F /* StationsService.swift */; };
		94A1FCFA2ED58AE9009C8B0F /* StationsServiceProtocol.swift in Sources */ = {isa = PBXBuildFile; fileRef = 94A1FCF92ED58ADB009C8B0F /* StationsServiceProtocol.swift */; };
		94A523532F14D04700E53B62 /* CarrierRowView.swift in Sources */ = {isa = PBXBuildFile; fileRef = 94A523522F14D04700E53B62 /* CarrierRowView.swift */; };
		94A94A6A2EF2AF7C00824913 /* Router.swift in Sources */ = {isa = PBXBuildFile; fileRef = 94A94A672EF2AF7000824913 /* Router.swift */; };
		94A94ABA2EF2D2D200824913 /* RouteEndpoint.swift in Sources */ = {isa = PBXBuildFile; fileRef = 94A94AB92EF2D2C900824913 /* RouteEndpoint.swift */; };
		94A94ABC2EF2D3E000824913 /* SettlementView.swift in Sources */ = {isa = PBXBuildFile; fileRef = 94A94ABB2EF2D3D600824913 /* SettlementView.swift */; };
		94AB36D42F165F300047F09A /* CarrierPlaceholderView.swift in Sources */ = {isa = PBXBuildFile; fileRef = 94AB36D32F165F300047F09A /* CarrierPlaceholderView.swift */; };
		94AB36DA2F16686A0047F09A /* CarrierImageView.swift in Sources */ = {isa = PBXBuildFile; fileRef = 94AB36D92F16686A0047F09A /* CarrierImageView.swift */; };
		94AB36DE2F1669580047F09A /* CarrierScheduleView.swift in Sources */ = {isa = PBXBuildFile; fileRef = 94AB36DD2F1669580047F09A /* CarrierScheduleView.swift */; };
		94AB36E42F1669F10047F09A /* CarrierDetailsView.swift in Sources */ = {isa = PBXBuildFile; fileRef = 94AB36E32F1669F10047F09A /* CarrierDetailsView.swift */; };
		94AB36F12F166E300047F09A /* CarrierContactsView.swift in Sources */ = {isa = PBXBuildFile; fileRef = 94AB36F02F166E300047F09A /* CarrierContactsView.swift */; };
		94AB36FD2F167FE00047F09A /* CarrierFilterView.swift in Sources */ = {isa = PBXBuildFile; fileRef = 94AB36FC2F167FDF0047F09A /* CarrierFilterView.swift */; };
		94AB370E2F1780C50047F09A /* Departure.swift in Sources */ = {isa = PBXBuildFile; fileRef = 94AB370D2F1780BF0047F09A /* Departure.swift */; };
		94AB37102F1780DD0047F09A /* Transfer.swift in Sources */ = {isa = PBXBuildFile; fileRef = 94AB370F2F1780D70047F09A /* Transfer.swift */; };
		94AB37602F18F58B0047F09A /* CarrierFilter.swift in Sources */ = {isa = PBXBuildFile; fileRef = 94AB375E2F18F5810047F09A /* CarrierFilter.swift */; };
		94B671302ECF182B001E271D /* TimetableService.swift in Sources */ = {isa = PBXBuildFile; fileRef = 94B6712F2ECF1820001E271D /* TimetableService.swift */; };
		94B671322ECF1892001E271D /* TimetableServiceProtocol.swift in Sources */ = {isa = PBXBuildFile; fileRef = 94B671312ECF1884001E271D /* TimetableServiceProtocol.swift */; };
		94BB4CB42F1A1093007EA2A8 /* MockDataConverter.swift in Sources */ = {isa = PBXBuildFile; fileRef = 94BB4CB32F1A1089007EA2A8 /* MockDataConverter.swift */; };
		94BB4CB72F1A14F7007EA2A8 /* CarrierRouteHeaderView.swift in Sources */ = {isa = PBXBuildFile; fileRef = 94BB4CB62F1A14F7007EA2A8 /* CarrierRouteHeaderView.swift */; };
		94BB4CBA2F1A18AA007EA2A8 /* CarrierFilterButtonView.swift in Sources */ = {isa = PBXBuildFile; fileRef = 94BB4CB92F1A18AA007EA2A8 /* CarrierFilterButtonView.swift */; };
		94BB4CBD2F1A1D1E007EA2A8 /* CarrierFilterDepartureView.swift in Sources */ = {isa = PBXBuildFile; fileRef = 94BB4CBC2F1A1D1E007EA2A8 /* CarrierFilterDepartureView.swift */; };
		94BB4CBF2F1A1DAA007EA2A8 /* CarrierFilterTransferView.swift in Sources */ = {isa = PBXBuildFile; fileRef = 94BB4CBE2F1A1DAA007EA2A8 /* CarrierFilterTransferView.swift */; };
		94BB4CC22F1A1F14007EA2A8 /* CarrierFilterButtonApplyView.swift in Sources */ = {isa = PBXBuildFile; fileRef = 94BB4CC12F1A1F14007EA2A8 /* CarrierFilterButtonApplyView.swift */; };
		94BB4CD12F1A2717007EA2A8 /* NavigationBackButtonView.swift in Sources */ = {isa = PBXBuildFile; fileRef = 94BB4CD02F1A2717007EA2A8 /* NavigationBackButtonView.swift */; };
		94BB4CDB2F1A324F007EA2A8 /* RouteVersaButtonView.swift in Sources */ = {isa = PBXBuildFile; fileRef = 94BB4CDA2F1A324F007EA2A8 /* RouteVersaButtonView.swift */; };
		94C4EBD82EC5F50E0086C35E /* Preview Assets.xcassets in Resources */ = {isa = PBXBuildFile; fileRef = 94C4EBD22EC5F50D0086C35E /* Preview Assets.xcassets */; };
		94C4EBD92EC5F50E0086C35E /* Assets.xcassets in Resources */ = {isa = PBXBuildFile; fileRef = 94C4EBD42EC5F50D0086C35E /* Assets.xcassets */; };
		94C4EBDA2EC5F50E0086C35E /* ContentView.swift in Sources */ = {isa = PBXBuildFile; fileRef = 94C4EBD52EC5F50D0086C35E /* ContentView.swift */; };
		94C4EBDB2EC5F50E0086C35E /* TravelScheduleApp.swift in Sources */ = {isa = PBXBuildFile; fileRef = 94C4EBD62EC5F50D0086C35E /* TravelScheduleApp.swift */; };
		94E005A12F16210C00F576F1 /* ExtensionSegment.swift in Sources */ = {isa = PBXBuildFile; fileRef = 94E005A02F1620FD00F576F1 /* ExtensionSegment.swift */; };
		94E005BD2F16388600F576F1 /* ExtensionString.swift in Sources */ = {isa = PBXBuildFile; fileRef = 94E005BB2F16387D00F576F1 /* ExtensionString.swift */; };
		94FBFF1D2ECB02DE00F2EBFB /* OpenAPIRuntime in Frameworks */ = {isa = PBXBuildFile; productRef = 94FBFF1C2ECB02DE00F2EBFB /* OpenAPIRuntime */; };
		94FBFF202ECB030D00F2EBFB /* OpenAPIURLSession in Frameworks */ = {isa = PBXBuildFile; productRef = 94FBFF1F2ECB030D00F2EBFB /* OpenAPIURLSession */; };
		94FBFF232ECB040500F2EBFB /* openapi.yaml in Resources */ = {isa = PBXBuildFile; fileRef = 94FBFF222ECB040500F2EBFB /* openapi.yaml */; };
		94FBFF252ECB043F00F2EBFB /* openapi-generator-config.yaml in Resources */ = {isa = PBXBuildFile; fileRef = 94FBFF242ECB042F00F2EBFB /* openapi-generator-config.yaml */; };
		94FBFF2A2ECB0D9100F2EBFB /* NearestStationsService.swift in Sources */ = {isa = PBXBuildFile; fileRef = 94FBFF292ECB0D8400F2EBFB /* NearestStationsService.swift */; };
		94FBFF2C2ECB0DDB00F2EBFB /* NearestStationsServiceProtocol.swift in Sources */ = {isa = PBXBuildFile; fileRef = 94FBFF2B2ECB0DCB00F2EBFB /* NearestStationsServiceProtocol.swift */; };
/* End PBXBuildFile section */

/* Begin PBXFileReference section */
		94047D262F21ED820017481C /* StoriesRibbonViewModel.swift */ = {isa = PBXFileReference; lastKnownFileType = sourcecode.swift; path = StoriesRibbonViewModel.swift; sourceTree = "<group>"; };
		94047D2C2F21F8F40017481C /* StoriesProgressBarVew+Timer.swift */ = {isa = PBXFileReference; lastKnownFileType = sourcecode.swift; path = "StoriesProgressBarVew+Timer.swift"; sourceTree = "<group>"; };
		94047D332F21FB4D0017481C /* StoriesViewModel.swift */ = {isa = PBXFileReference; lastKnownFileType = sourcecode.swift; path = StoriesViewModel.swift; sourceTree = "<group>"; };
		9407EA382F03F934006BFADF /* Route.swift */ = {isa = PBXFileReference; lastKnownFileType = sourcecode.swift; path = Route.swift; sourceTree = "<group>"; };
		9407EADC2F0B0D36006BFADF /* SearchStubView.swift */ = {isa = PBXFileReference; lastKnownFileType = sourcecode.swift; path = SearchStubView.swift; sourceTree = "<group>"; };
		9407EAE42F0BD341006BFADF /* CarrierView.swift */ = {isa = PBXFileReference; lastKnownFileType = sourcecode.swift; path = CarrierView.swift; sourceTree = "<group>"; };
		9407EAE62F0BD5BA006BFADF /* RouteExtension.swift */ = {isa = PBXFileReference; lastKnownFileType = sourcecode.swift; path = RouteExtension.swift; sourceTree = "<group>"; };
		9407EB072F0C5726006BFADF /* ErrorView.swift */ = {isa = PBXFileReference; lastKnownFileType = sourcecode.swift; path = ErrorView.swift; sourceTree = "<group>"; };
		9407EB222F0D3B37006BFADF /* ErrorType.swift */ = {isa = PBXFileReference; lastKnownFileType = sourcecode.swift; path = ErrorType.swift; sourceTree = "<group>"; };
		9407EB252F0D3E27006BFADF /* APIResponseStatus.swift */ = {isa = PBXFileReference; lastKnownFileType = sourcecode.swift; path = APIResponseStatus.swift; sourceTree = "<group>"; };
		94121AFD2F11772300726955 /* CarrierViewModel.swift */ = {isa = PBXFileReference; lastKnownFileType = sourcecode.swift; path = CarrierViewModel.swift; sourceTree = "<group>"; };
		94121B0B2F1191B900726955 /* CarrierBuilder.swift */ = {isa = PBXFileReference; lastKnownFileType = sourcecode.swift; path = CarrierBuilder.swift; sourceTree = "<group>"; };
		94121B122F1196A900726955 /* CarrierListView.swift */ = {isa = PBXFileReference; lastKnownFileType = sourcecode.swift; path = CarrierListView.swift; sourceTree = "<group>"; };
		941B59462ECDB01300B99489 /* CopyrightServiceProtocol.swift */ = {isa = PBXFileReference; lastKnownFileType = sourcecode.swift; path = CopyrightServiceProtocol.swift; sourceTree = "<group>"; };
		941B59492ECDB1A100B99489 /* CopyrightService.swift */ = {isa = PBXFileReference; lastKnownFileType = sourcecode.swift; path = CopyrightService.swift; sourceTree = "<group>"; };
		941E92632EF918B300327652 /* SearchView.swift */ = {isa = PBXFileReference; lastKnownFileType = sourcecode.swift; path = SearchView.swift; sourceTree = "<group>"; };
		941E92802EF92DBB00327652 /* SettlementRowView.swift */ = {isa = PBXFileReference; lastKnownFileType = sourcecode.swift; path = SettlementRowView.swift; sourceTree = "<group>"; };
		941E928A2EF936EE00327652 /* StationView.swift */ = {isa = PBXFileReference; lastKnownFileType = sourcecode.swift; path = StationView.swift; sourceTree = "<group>"; };
		941E92972EF93C6F00327652 /* SettlementViewModel.swift */ = {isa = PBXFileReference; lastKnownFileType = sourcecode.swift; path = SettlementViewModel.swift; sourceTree = "<group>"; };
		941E929A2EF93CDF00327652 /* SettlementBuilder.swift */ = {isa = PBXFileReference; lastKnownFileType = sourcecode.swift; path = SettlementBuilder.swift; sourceTree = "<group>"; };
		941E92E92EFA94C100327652 /* SettlementListView.swift */ = {isa = PBXFileReference; lastKnownFileType = sourcecode.swift; path = SettlementListView.swift; sourceTree = "<group>"; };
		941E92F92EFA9FE500327652 /* ProgressLoadingView.swift */ = {isa = PBXFileReference; lastKnownFileType = sourcecode.swift; path = ProgressLoadingView.swift; sourceTree = "<group>"; };
		9428D1612EE9EA3700D197E6 /* LaunchScreen.storyboard */ = {isa = PBXFileReference; lastKnownFileType = file.storyboard; path = LaunchScreen.storyboard; sourceTree = "<group>"; };
		944309CF2EF0154F00AA53FF /* ScheduleView.swift */ = {isa = PBXFileReference; lastKnownFileType = sourcecode.swift; path = ScheduleView.swift; sourceTree = "<group>"; };
		944309D32EF017A600AA53FF /* SettingsView.swift */ = {isa = PBXFileReference; lastKnownFileType = sourcecode.swift; path = SettingsView.swift; sourceTree = "<group>"; };
		944309D82EF018AE00AA53FF /* RoutePickerView.swift */ = {isa = PBXFileReference; lastKnownFileType = sourcecode.swift; path = RoutePickerView.swift; sourceTree = "<group>"; };
		944309DA2EF0198A00AA53FF /* RouteFinderView.swift */ = {isa = PBXFileReference; lastKnownFileType = sourcecode.swift; path = RouteFinderView.swift; sourceTree = "<group>"; };
		945CFE9B2EFC027800930390 /* StationListView.swift */ = {isa = PBXFileReference; lastKnownFileType = sourcecode.swift; path = StationListView.swift; sourceTree = "<group>"; };
		945CFE9D2EFC02F400930390 /* StationRowView.swift */ = {isa = PBXFileReference; lastKnownFileType = sourcecode.swift; path = StationRowView.swift; sourceTree = "<group>"; };
		945F7AE42ED6E8E00009DB67 /* ISO8601Coder.swift */ = {isa = PBXFileReference; lastKnownFileType = sourcecode.swift; path = ISO8601Coder.swift; sourceTree = "<group>"; };
		9461FF922ECF2D7B0083B7D9 /* SearchService.swift */ = {isa = PBXFileReference; lastKnownFileType = sourcecode.swift; path = SearchService.swift; sourceTree = "<group>"; };
		9461FF942ECF2D980083B7D9 /* SearchServiceProtocol.swift */ = {isa = PBXFileReference; lastKnownFileType = sourcecode.swift; path = SearchServiceProtocol.swift; sourceTree = "<group>"; };
		9461FF962ECF30EC0083B7D9 /* BaseSerivce.swift */ = {isa = PBXFileReference; lastKnownFileType = sourcecode.swift; path = BaseSerivce.swift; sourceTree = "<group>"; };
		9461FFA52ECF41250083B7D9 /* ScheduleService.swift */ = {isa = PBXFileReference; lastKnownFileType = sourcecode.swift; path = ScheduleService.swift; sourceTree = "<group>"; };
		9461FFA72ECF41430083B7D9 /* ScheduleServiceProtocol.swift */ = {isa = PBXFileReference; lastKnownFileType = sourcecode.swift; path = ScheduleServiceProtocol.swift; sourceTree = "<group>"; };
		9461FFAD2ECF49EE0083B7D9 /* ThreadService.swift */ = {isa = PBXFileReference; lastKnownFileType = sourcecode.swift; path = ThreadService.swift; sourceTree = "<group>"; };
		9461FFAF2ECF4A0C0083B7D9 /* ThreadServiceProtocol.swift */ = {isa = PBXFileReference; lastKnownFileType = sourcecode.swift; path = ThreadServiceProtocol.swift; sourceTree = "<group>"; };
		9461FFB82ED42E710083B7D9 /* NearestSettlementService.swift */ = {isa = PBXFileReference; lastKnownFileType = sourcecode.swift; path = NearestSettlementService.swift; sourceTree = "<group>"; };
		9461FFBC2ED42E870083B7D9 /* NearestSettlementServiceProtocol.swift */ = {isa = PBXFileReference; lastKnownFileType = sourcecode.swift; path = NearestSettlementServiceProtocol.swift; sourceTree = "<group>"; };
		9461FFC12ED44B260083B7D9 /* CarrierService.swift */ = {isa = PBXFileReference; lastKnownFileType = sourcecode.swift; path = CarrierService.swift; sourceTree = "<group>"; };
		9461FFC32ED44B350083B7D9 /* CarrierServiceProtocol.swift */ = {isa = PBXFileReference; lastKnownFileType = sourcecode.swift; path = CarrierServiceProtocol.swift; sourceTree = "<group>"; };
		947156F42EF13D6B00C56B20 /* Localizable.xcstrings */ = {isa = PBXFileReference; lastKnownFileType = text.json.xcstrings; path = Localizable.xcstrings; sourceTree = "<group>"; };
		94847B8A2F1F8E6A00265BAD /* StoriesRibbonView.swift */ = {isa = PBXFileReference; lastKnownFileType = sourcecode.swift; path = StoriesRibbonView.swift; sourceTree = "<group>"; };
		948B3F0C2F20D067007DB64F /* StationViewModel.swift */ = {isa = PBXFileReference; lastKnownFileType = sourcecode.swift; path = StationViewModel.swift; sourceTree = "<group>"; };
		948B3F0E2F20D1ED007DB64F /* StationBuilder.swift */ = {isa = PBXFileReference; lastKnownFileType = sourcecode.swift; path = StationBuilder.swift; sourceTree = "<group>"; };
		948C3F982F1C61B5008B9C89 /* CarrierContactsInfoView.swift */ = {isa = PBXFileReference; lastKnownFileType = sourcecode.swift; path = CarrierContactsInfoView.swift; sourceTree = "<group>"; };
		948C3FBC2F1D5C54008B9C89 /* UserAgreementView.swift */ = {isa = PBXFileReference; lastKnownFileType = sourcecode.swift; path = UserAgreementView.swift; sourceTree = "<group>"; };
		948C3FD02F1D69B3008B9C89 /* UserAgreementTextView.swift */ = {isa = PBXFileReference; lastKnownFileType = sourcecode.swift; path = UserAgreementTextView.swift; sourceTree = "<group>"; };
		948C40272F1E1468008B9C89 /* ThemeManager.swift */ = {isa = PBXFileReference; lastKnownFileType = sourcecode.swift; path = ThemeManager.swift; sourceTree = "<group>"; };
		948C40412F1E2FD6008B9C89 /* Appearance.swift */ = {isa = PBXFileReference; lastKnownFileType = sourcecode.swift; path = Appearance.swift; sourceTree = "<group>"; };
		948C40432F1E2FF9008B9C89 /* ExtensionAppearance.swift */ = {isa = PBXFileReference; lastKnownFileType = sourcecode.swift; path = ExtensionAppearance.swift; sourceTree = "<group>"; };
		948C40472F1E3C63008B9C89 /* Story.swift */ = {isa = PBXFileReference; lastKnownFileType = sourcecode.swift; path = Story.swift; sourceTree = "<group>"; };
		948C40492F1E3D02008B9C89 /* MockStories.swift */ = {isa = PBXFileReference; lastKnownFileType = sourcecode.swift; path = MockStories.swift; sourceTree = "<group>"; };
		948C404B2F1E3FB6008B9C89 /* StoryPreviewView.swift */ = {isa = PBXFileReference; lastKnownFileType = sourcecode.swift; path = StoryPreviewView.swift; sourceTree = "<group>"; };
		948C40572F1E4D5D008B9C89 /* StoriesView.swift */ = {isa = PBXFileReference; lastKnownFileType = sourcecode.swift; path = StoriesView.swift; sourceTree = "<group>"; };
		948C40642F1E5175008B9C89 /* StoryView.swift */ = {isa = PBXFileReference; lastKnownFileType = sourcecode.swift; path = StoryView.swift; sourceTree = "<group>"; };
		948C406B2F1E59B6008B9C89 /* ProgressBarView.swift */ = {isa = PBXFileReference; lastKnownFileType = sourcecode.swift; path = ProgressBarView.swift; sourceTree = "<group>"; };
		948C40822F1E6788008B9C89 /* StoriesTabView.swift */ = {isa = PBXFileReference; lastKnownFileType = sourcecode.swift; path = StoriesTabView.swift; sourceTree = "<group>"; };
		948C40872F1E68B2008B9C89 /* TimerConfiguration.swift */ = {isa = PBXFileReference; lastKnownFileType = sourcecode.swift; path = TimerConfiguration.swift; sourceTree = "<group>"; };
		948C40892F1E6975008B9C89 /* TimerConfiguration+Calculations.swift */ = {isa = PBXFileReference; lastKnownFileType = sourcecode.swift; path = "TimerConfiguration+Calculations.swift"; sourceTree = "<group>"; };
		948C408B2F1E80DB008B9C89 /* StoriesProgressBarView.swift */ = {isa = PBXFileReference; lastKnownFileType = sourcecode.swift; path = StoriesProgressBarView.swift; sourceTree = "<group>"; };
		949EA7742ED6CD1B00633E65 /* APIHelper.swift */ = {isa = PBXFileReference; lastKnownFileType = sourcecode.swift; path = APIHelper.swift; sourceTree = "<group>"; };
		94A1FCF72ED58ACD009C8B0F /* StationsService.swift */ = {isa = PBXFileReference; lastKnownFileType = sourcecode.swift; path = StationsService.swift; sourceTree = "<group>"; };
		94A1FCF92ED58ADB009C8B0F /* StationsServiceProtocol.swift */ = {isa = PBXFileReference; lastKnownFileType = sourcecode.swift; path = StationsServiceProtocol.swift; sourceTree = "<group>"; };
		94A523522F14D04700E53B62 /* CarrierRowView.swift */ = {isa = PBXFileReference; lastKnownFileType = sourcecode.swift; path = CarrierRowView.swift; sourceTree = "<group>"; };
		94A94A672EF2AF7000824913 /* Router.swift */ = {isa = PBXFileReference; lastKnownFileType = sourcecode.swift; path = Router.swift; sourceTree = "<group>"; };
		94A94AB92EF2D2C900824913 /* RouteEndpoint.swift */ = {isa = PBXFileReference; lastKnownFileType = sourcecode.swift; path = RouteEndpoint.swift; sourceTree = "<group>"; };
		94A94ABB2EF2D3D600824913 /* SettlementView.swift */ = {isa = PBXFileReference; lastKnownFileType = sourcecode.swift; path = SettlementView.swift; sourceTree = "<group>"; };
		94AB36D32F165F300047F09A /* CarrierPlaceholderView.swift */ = {isa = PBXFileReference; lastKnownFileType = sourcecode.swift; path = CarrierPlaceholderView.swift; sourceTree = "<group>"; };
		94AB36D92F16686A0047F09A /* CarrierImageView.swift */ = {isa = PBXFileReference; lastKnownFileType = sourcecode.swift; path = CarrierImageView.swift; sourceTree = "<group>"; };
		94AB36DD2F1669580047F09A /* CarrierScheduleView.swift */ = {isa = PBXFileReference; lastKnownFileType = sourcecode.swift; path = CarrierScheduleView.swift; sourceTree = "<group>"; };
		94AB36E32F1669F10047F09A /* CarrierDetailsView.swift */ = {isa = PBXFileReference; lastKnownFileType = sourcecode.swift; path = CarrierDetailsView.swift; sourceTree = "<group>"; };
		94AB36F02F166E300047F09A /* CarrierContactsView.swift */ = {isa = PBXFileReference; lastKnownFileType = sourcecode.swift; path = CarrierContactsView.swift; sourceTree = "<group>"; };
		94AB36FC2F167FDF0047F09A /* CarrierFilterView.swift */ = {isa = PBXFileReference; lastKnownFileType = sourcecode.swift; path = CarrierFilterView.swift; sourceTree = "<group>"; };
		94AB370D2F1780BF0047F09A /* Departure.swift */ = {isa = PBXFileReference; lastKnownFileType = sourcecode.swift; path = Departure.swift; sourceTree = "<group>"; };
		94AB370F2F1780D70047F09A /* Transfer.swift */ = {isa = PBXFileReference; lastKnownFileType = sourcecode.swift; path = Transfer.swift; sourceTree = "<group>"; };
		94AB375E2F18F5810047F09A /* CarrierFilter.swift */ = {isa = PBXFileReference; lastKnownFileType = sourcecode.swift; path = CarrierFilter.swift; sourceTree = "<group>"; };
		94B6712F2ECF1820001E271D /* TimetableService.swift */ = {isa = PBXFileReference; lastKnownFileType = sourcecode.swift; path = TimetableService.swift; sourceTree = "<group>"; };
		94B671312ECF1884001E271D /* TimetableServiceProtocol.swift */ = {isa = PBXFileReference; lastKnownFileType = sourcecode.swift; path = TimetableServiceProtocol.swift; sourceTree = "<group>"; };
		94BB4CB32F1A1089007EA2A8 /* MockDataConverter.swift */ = {isa = PBXFileReference; lastKnownFileType = sourcecode.swift; path = MockDataConverter.swift; sourceTree = "<group>"; };
		94BB4CB62F1A14F7007EA2A8 /* CarrierRouteHeaderView.swift */ = {isa = PBXFileReference; lastKnownFileType = sourcecode.swift; path = CarrierRouteHeaderView.swift; sourceTree = "<group>"; };
		94BB4CB92F1A18AA007EA2A8 /* CarrierFilterButtonView.swift */ = {isa = PBXFileReference; lastKnownFileType = sourcecode.swift; path = CarrierFilterButtonView.swift; sourceTree = "<group>"; };
		94BB4CBC2F1A1D1E007EA2A8 /* CarrierFilterDepartureView.swift */ = {isa = PBXFileReference; lastKnownFileType = sourcecode.swift; path = CarrierFilterDepartureView.swift; sourceTree = "<group>"; };
		94BB4CBE2F1A1DAA007EA2A8 /* CarrierFilterTransferView.swift */ = {isa = PBXFileReference; lastKnownFileType = sourcecode.swift; path = CarrierFilterTransferView.swift; sourceTree = "<group>"; };
		94BB4CC12F1A1F14007EA2A8 /* CarrierFilterButtonApplyView.swift */ = {isa = PBXFileReference; lastKnownFileType = sourcecode.swift; path = CarrierFilterButtonApplyView.swift; sourceTree = "<group>"; };
		94BB4CD02F1A2717007EA2A8 /* NavigationBackButtonView.swift */ = {isa = PBXFileReference; lastKnownFileType = sourcecode.swift; path = NavigationBackButtonView.swift; sourceTree = "<group>"; };
		94BB4CDA2F1A324F007EA2A8 /* RouteVersaButtonView.swift */ = {isa = PBXFileReference; lastKnownFileType = sourcecode.swift; path = RouteVersaButtonView.swift; sourceTree = "<group>"; };
		94C4EBC12EC5F0A00086C35E /* TravelSchedule.app */ = {isa = PBXFileReference; explicitFileType = wrapper.application; includeInIndex = 0; path = TravelSchedule.app; sourceTree = BUILT_PRODUCTS_DIR; };
		94C4EBD22EC5F50D0086C35E /* Preview Assets.xcassets */ = {isa = PBXFileReference; lastKnownFileType = folder.assetcatalog; path = "Preview Assets.xcassets"; sourceTree = "<group>"; };
		94C4EBD42EC5F50D0086C35E /* Assets.xcassets */ = {isa = PBXFileReference; lastKnownFileType = folder.assetcatalog; path = Assets.xcassets; sourceTree = "<group>"; };
		94C4EBD52EC5F50D0086C35E /* ContentView.swift */ = {isa = PBXFileReference; lastKnownFileType = sourcecode.swift; path = ContentView.swift; sourceTree = "<group>"; };
		94C4EBD62EC5F50D0086C35E /* TravelScheduleApp.swift */ = {isa = PBXFileReference; lastKnownFileType = sourcecode.swift; path = TravelScheduleApp.swift; sourceTree = "<group>"; };
		94E005A02F1620FD00F576F1 /* ExtensionSegment.swift */ = {isa = PBXFileReference; lastKnownFileType = sourcecode.swift; path = ExtensionSegment.swift; sourceTree = "<group>"; };
		94E005BB2F16387D00F576F1 /* ExtensionString.swift */ = {isa = PBXFileReference; lastKnownFileType = sourcecode.swift; path = ExtensionString.swift; sourceTree = "<group>"; };
		94FBFF222ECB040500F2EBFB /* openapi.yaml */ = {isa = PBXFileReference; lastKnownFileType = text.yaml; path = openapi.yaml; sourceTree = "<group>"; };
		94FBFF242ECB042F00F2EBFB /* openapi-generator-config.yaml */ = {isa = PBXFileReference; lastKnownFileType = text.yaml; path = "openapi-generator-config.yaml"; sourceTree = "<group>"; };
		94FBFF292ECB0D8400F2EBFB /* NearestStationsService.swift */ = {isa = PBXFileReference; lastKnownFileType = sourcecode.swift; path = NearestStationsService.swift; sourceTree = "<group>"; };
		94FBFF2B2ECB0DCB00F2EBFB /* NearestStationsServiceProtocol.swift */ = {isa = PBXFileReference; lastKnownFileType = sourcecode.swift; path = NearestStationsServiceProtocol.swift; sourceTree = "<group>"; };
/* End PBXFileReference section */

/* Begin PBXFrameworksBuildPhase section */
		94C4EBBE2EC5F0A00086C35E /* Frameworks */ = {
			isa = PBXFrameworksBuildPhase;
			buildActionMask = 2147483647;
			files = (
				94FBFF1D2ECB02DE00F2EBFB /* OpenAPIRuntime in Frameworks */,
				94FBFF202ECB030D00F2EBFB /* OpenAPIURLSession in Frameworks */,
			);
			runOnlyForDeploymentPostprocessing = 0;
		};
/* End PBXFrameworksBuildPhase section */

/* Begin PBXGroup section */
		9407EAE22F0BD31B006BFADF /* Carrier */ = {
			isa = PBXGroup;
			children = (
				94AB375E2F18F5810047F09A /* CarrierFilter.swift */,
				94121B0B2F1191B900726955 /* CarrierBuilder.swift */,
				94121AFD2F11772300726955 /* CarrierViewModel.swift */,
				9407EAE42F0BD341006BFADF /* CarrierView.swift */,
				94121B122F1196A900726955 /* CarrierListView.swift */,
				94A523522F14D04700E53B62 /* CarrierRowView.swift */,
				94AB36D92F16686A0047F09A /* CarrierImageView.swift */,
				94AB36DD2F1669580047F09A /* CarrierScheduleView.swift */,
				94AB36E32F1669F10047F09A /* CarrierDetailsView.swift */,
				94AB36D32F165F300047F09A /* CarrierPlaceholderView.swift */,
				94AB36F02F166E300047F09A /* CarrierContactsView.swift */,
				948C3F982F1C61B5008B9C89 /* CarrierContactsInfoView.swift */,
				94AB36FC2F167FDF0047F09A /* CarrierFilterView.swift */,
				94BB4CB62F1A14F7007EA2A8 /* CarrierRouteHeaderView.swift */,
				94BB4CB92F1A18AA007EA2A8 /* CarrierFilterButtonView.swift */,
				94BB4CC12F1A1F14007EA2A8 /* CarrierFilterButtonApplyView.swift */,
				94BB4CBC2F1A1D1E007EA2A8 /* CarrierFilterDepartureView.swift */,
				94BB4CBE2F1A1DAA007EA2A8 /* CarrierFilterTransferView.swift */,
			);
			path = Carrier;
			sourceTree = "<group>";
		};
		9407EB052F0C56CE006BFADF /* Error */ = {
			isa = PBXGroup;
			children = (
				9407EB222F0D3B37006BFADF /* ErrorType.swift */,
				9407EB072F0C5726006BFADF /* ErrorView.swift */,
			);
			path = Error;
			sourceTree = "<group>";
		};
		941E92552EF4897100327652 /* Settlement */ = {
			isa = PBXGroup;
			children = (
				941E92972EF93C6F00327652 /* SettlementViewModel.swift */,
				94A94ABB2EF2D3D600824913 /* SettlementView.swift */,
				941E929A2EF93CDF00327652 /* SettlementBuilder.swift */,
				941E92802EF92DBB00327652 /* SettlementRowView.swift */,
				941E92E92EFA94C100327652 /* SettlementListView.swift */,
			);
			path = Settlement;
			sourceTree = "<group>";
		};
		941E92622EF918A300327652 /* Search */ = {
			isa = PBXGroup;
			children = (
				941E92632EF918B300327652 /* SearchView.swift */,
				9407EADC2F0B0D36006BFADF /* SearchStubView.swift */,
			);
			path = Search;
			sourceTree = "<group>";
		};
		941E92892EF936DB00327652 /* Station */ = {
			isa = PBXGroup;
			children = (
				948B3F0E2F20D1ED007DB64F /* StationBuilder.swift */,
				948B3F0C2F20D067007DB64F /* StationViewModel.swift */,
				941E928A2EF936EE00327652 /* StationView.swift */,
				945CFE9B2EFC027800930390 /* StationListView.swift */,
				945CFE9D2EFC02F400930390 /* StationRowView.swift */,
			);
			path = Station;
			sourceTree = "<group>";
		};
		941E92F72EFA9FB300327652 /* Progress */ = {
			isa = PBXGroup;
			children = (
				941E92F92EFA9FE500327652 /* ProgressLoadingView.swift */,
				948C406B2F1E59B6008B9C89 /* ProgressBarView.swift */,
			);
			path = Progress;
			sourceTree = "<group>";
		};
		944309CE2EF014C000AA53FF /* Settings */ = {
			isa = PBXGroup;
			children = (
				944309D32EF017A600AA53FF /* SettingsView.swift */,
			);
			path = Settings;
			sourceTree = "<group>";
		};
		948C3FB92F1D5C1D008B9C89 /* User */ = {
			isa = PBXGroup;
			children = (
				948C3FBC2F1D5C54008B9C89 /* UserAgreementView.swift */,
				948C3FD02F1D69B3008B9C89 /* UserAgreementTextView.swift */,
			);
			path = User;
			sourceTree = "<group>";
		};
		948C40462F1E3C12008B9C89 /* Stories */ = {
			isa = PBXGroup;
			children = (
				94047D262F21ED820017481C /* StoriesRibbonViewModel.swift */,
				94847B8A2F1F8E6A00265BAD /* StoriesRibbonView.swift */,
				948C408B2F1E80DB008B9C89 /* StoriesProgressBarView.swift */,
				94047D2C2F21F8F40017481C /* StoriesProgressBarVew+Timer.swift */,
				948C40822F1E6788008B9C89 /* StoriesTabView.swift */,
				94047D332F21FB4D0017481C /* StoriesViewModel.swift */,
				948C40572F1E4D5D008B9C89 /* StoriesView.swift */,
				948C40472F1E3C63008B9C89 /* Story.swift */,
				948C40642F1E5175008B9C89 /* StoryView.swift */,
				948C404B2F1E3FB6008B9C89 /* StoryPreviewView.swift */,
			);
			path = Stories;
			sourceTree = "<group>";
		};
		948C40842F1E6860008B9C89 /* Algo */ = {
			isa = PBXGroup;
			children = (
				948C40872F1E68B2008B9C89 /* TimerConfiguration.swift */,
				948C40892F1E6975008B9C89 /* TimerConfiguration+Calculations.swift */,
			);
			path = Algo;
			sourceTree = "<group>";
		};
		949EA7732ED6CD0E00633E65 /* Helpers */ = {
			isa = PBXGroup;
			children = (
				948C40272F1E1468008B9C89 /* ThemeManager.swift */,
				948C40492F1E3D02008B9C89 /* MockStories.swift */,
				94BB4CB32F1A1089007EA2A8 /* MockDataConverter.swift */,
				94AB370F2F1780D70047F09A /* Transfer.swift */,
				94AB370D2F1780BF0047F09A /* Departure.swift */,
				948C40412F1E2FD6008B9C89 /* Appearance.swift */,
				945F7AE42ED6E8E00009DB67 /* ISO8601Coder.swift */,
				9407EB252F0D3E27006BFADF /* APIResponseStatus.swift */,
				949EA7742ED6CD1B00633E65 /* APIHelper.swift */,
			);
			path = Helpers;
			sourceTree = "<group>";
		};
		94A814CF2ED8518600DC20D7 /* Base */ = {
			isa = PBXGroup;
			children = (
				9461FF962ECF30EC0083B7D9 /* BaseSerivce.swift */,
			);
			path = Base;
			sourceTree = "<group>";
		};
		94A814D02ED8519300DC20D7 /* Search */ = {
			isa = PBXGroup;
			children = (
				9461FF942ECF2D980083B7D9 /* SearchServiceProtocol.swift */,
				9461FF922ECF2D7B0083B7D9 /* SearchService.swift */,
			);
			path = Search;
			sourceTree = "<group>";
		};
		94A814D12ED851B500DC20D7 /* Schedule */ = {
			isa = PBXGroup;
			children = (
				9461FFA72ECF41430083B7D9 /* ScheduleServiceProtocol.swift */,
				9461FFA52ECF41250083B7D9 /* ScheduleService.swift */,
			);
			path = Schedule;
			sourceTree = "<group>";
		};
		94A814D22ED851C500DC20D7 /* Thread */ = {
			isa = PBXGroup;
			children = (
				9461FFAF2ECF4A0C0083B7D9 /* ThreadServiceProtocol.swift */,
				9461FFAD2ECF49EE0083B7D9 /* ThreadService.swift */,
			);
			path = Thread;
			sourceTree = "<group>";
		};
		94A814D32ED851D700DC20D7 /* Stations */ = {
			isa = PBXGroup;
			children = (
				94A1FCF92ED58ADB009C8B0F /* StationsServiceProtocol.swift */,
				94A1FCF72ED58ACD009C8B0F /* StationsService.swift */,
			);
			path = Stations;
			sourceTree = "<group>";
		};
		94A814D42ED851E800DC20D7 /* Carrier */ = {
			isa = PBXGroup;
			children = (
				9461FFC32ED44B350083B7D9 /* CarrierServiceProtocol.swift */,
				9461FFC12ED44B260083B7D9 /* CarrierService.swift */,
			);
			path = Carrier;
			sourceTree = "<group>";
		};
		94A814D52ED851F600DC20D7 /* Nearest */ = {
			isa = PBXGroup;
			children = (
				9461FFBC2ED42E870083B7D9 /* NearestSettlementServiceProtocol.swift */,
				9461FFB82ED42E710083B7D9 /* NearestSettlementService.swift */,
				94FBFF2B2ECB0DCB00F2EBFB /* NearestStationsServiceProtocol.swift */,
				94FBFF292ECB0D8400F2EBFB /* NearestStationsService.swift */,
			);
			path = Nearest;
			sourceTree = "<group>";
		};
		94A814D62ED8520A00DC20D7 /* Copyright */ = {
			isa = PBXGroup;
			children = (
				941B59462ECDB01300B99489 /* CopyrightServiceProtocol.swift */,
				941B59492ECDB1A100B99489 /* CopyrightService.swift */,
			);
			path = Copyright;
			sourceTree = "<group>";
		};
		94A814D82ED8525A00DC20D7 /* Timetable */ = {
			isa = PBXGroup;
			children = (
				94B671312ECF1884001E271D /* TimetableServiceProtocol.swift */,
				94B6712F2ECF1820001E271D /* TimetableService.swift */,
			);
			path = Timetable;
			sourceTree = "<group>";
		};
		94A94A7D2EF2B99500824913 /* Screens */ = {
			isa = PBXGroup;
			children = (
				948C3FB92F1D5C1D008B9C89 /* User */,
				948C40462F1E3C12008B9C89 /* Stories */,
				94BB4CCF2F1A26F1007EA2A8 /* Navigation */,
				9407EB052F0C56CE006BFADF /* Error */,
				941E92F72EFA9FB300327652 /* Progress */,
				9407EAE22F0BD31B006BFADF /* Carrier */,
				941E92892EF936DB00327652 /* Station */,
				941E92622EF918A300327652 /* Search */,
				941E92552EF4897100327652 /* Settlement */,
				94A94A7F2EF2B9C900824913 /* Route */,
				94A94A7E2EF2B9C000824913 /* Schedule */,
				944309CE2EF014C000AA53FF /* Settings */,
				94C4EBD52EC5F50D0086C35E /* ContentView.swift */,
			);
			path = Screens;
			sourceTree = "<group>";
		};
		94A94A7E2EF2B9C000824913 /* Schedule */ = {
			isa = PBXGroup;
			children = (
				944309CF2EF0154F00AA53FF /* ScheduleView.swift */,
			);
			path = Schedule;
			sourceTree = "<group>";
		};
		94A94A7F2EF2B9C900824913 /* Route */ = {
			isa = PBXGroup;
			children = (
				9407EA382F03F934006BFADF /* Route.swift */,
				9407EAE62F0BD5BA006BFADF /* RouteExtension.swift */,
				94BB4CDA2F1A324F007EA2A8 /* RouteVersaButtonView.swift */,
				944309D82EF018AE00AA53FF /* RoutePickerView.swift */,
				944309DA2EF0198A00AA53FF /* RouteFinderView.swift */,
				94A94AB92EF2D2C900824913 /* RouteEndpoint.swift */,
				94A94A672EF2AF7000824913 /* Router.swift */,
			);
			path = Route;
			sourceTree = "<group>";
		};
		94BB4CCF2F1A26F1007EA2A8 /* Navigation */ = {
			isa = PBXGroup;
			children = (
				94BB4CD02F1A2717007EA2A8 /* NavigationBackButtonView.swift */,
			);
			path = Navigation;
			sourceTree = "<group>";
		};
		94C4EBB82EC5F0A00086C35E = {
			isa = PBXGroup;
			children = (
				94C4EBD72EC5F50D0086C35E /* TravelSchedule */,
				94C4EBC22EC5F0A00086C35E /* Products */,
			);
			sourceTree = "<group>";
		};
		94C4EBC22EC5F0A00086C35E /* Products */ = {
			isa = PBXGroup;
			children = (
				94C4EBC12EC5F0A00086C35E /* TravelSchedule.app */,
			);
			name = Products;
			sourceTree = "<group>";
		};
		94C4EBD32EC5F50D0086C35E /* Preview Content */ = {
			isa = PBXGroup;
			children = (
				94C4EBD22EC5F50D0086C35E /* Preview Assets.xcassets */,
			);
			path = "Preview Content";
			sourceTree = "<group>";
		};
		94C4EBD72EC5F50D0086C35E /* TravelSchedule */ = {
			isa = PBXGroup;
			children = (
				94C4EBDC2EC5F7260086C35E /* App */,
				948C40842F1E6860008B9C89 /* Algo */,
				94E0059B2F1617B300F576F1 /* Extensions */,
				949EA7732ED6CD0E00633E65 /* Helpers */,
				94A94A7D2EF2B99500824913 /* Screens */,
				94FBFF282ECB0D6400F2EBFB /* Services */,
				94C4EBD32EC5F50D0086C35E /* Preview Content */,
				94C4EBDD2EC5F7A60086C35E /* Resources */,
			);
			path = TravelSchedule;
			sourceTree = "<group>";
		};
		94C4EBDC2EC5F7260086C35E /* App */ = {
			isa = PBXGroup;
			children = (
				94C4EBD62EC5F50D0086C35E /* TravelScheduleApp.swift */,
			);
			path = App;
			sourceTree = "<group>";
		};
		94C4EBDD2EC5F7A60086C35E /* Resources */ = {
			isa = PBXGroup;
			children = (
				94FBFF212ECB03F800F2EBFB /* yaml */,
				9428D1612EE9EA3700D197E6 /* LaunchScreen.storyboard */,
				94C4EBD42EC5F50D0086C35E /* Assets.xcassets */,
				947156F42EF13D6B00C56B20 /* Localizable.xcstrings */,
			);
			path = Resources;
			sourceTree = "<group>";
		};
		94E0059B2F1617B300F576F1 /* Extensions */ = {
			isa = PBXGroup;
			children = (
				948C40432F1E2FF9008B9C89 /* ExtensionAppearance.swift */,
				94E005BB2F16387D00F576F1 /* ExtensionString.swift */,
				94E005A02F1620FD00F576F1 /* ExtensionSegment.swift */,
			);
			path = Extensions;
			sourceTree = "<group>";
		};
		94FBFF212ECB03F800F2EBFB /* yaml */ = {
			isa = PBXGroup;
			children = (
				94FBFF242ECB042F00F2EBFB /* openapi-generator-config.yaml */,
				94FBFF222ECB040500F2EBFB /* openapi.yaml */,
			);
			path = yaml;
			sourceTree = "<group>";
		};
		94FBFF282ECB0D6400F2EBFB /* Services */ = {
			isa = PBXGroup;
			children = (
				94A814D82ED8525A00DC20D7 /* Timetable */,
				94A814D62ED8520A00DC20D7 /* Copyright */,
				94A814D52ED851F600DC20D7 /* Nearest */,
				94A814D42ED851E800DC20D7 /* Carrier */,
				94A814D32ED851D700DC20D7 /* Stations */,
				94A814D22ED851C500DC20D7 /* Thread */,
				94A814D12ED851B500DC20D7 /* Schedule */,
				94A814D02ED8519300DC20D7 /* Search */,
				94A814CF2ED8518600DC20D7 /* Base */,
			);
			path = Services;
			sourceTree = "<group>";
		};
/* End PBXGroup section */

/* Begin PBXNativeTarget section */
		94C4EBC02EC5F0A00086C35E /* TravelSchedule */ = {
			isa = PBXNativeTarget;
			buildConfigurationList = 94C4EBCF2EC5F0AE0086C35E /* Build configuration list for PBXNativeTarget "TravelSchedule" */;
			buildPhases = (
				94C4EBBD2EC5F0A00086C35E /* Sources */,
				94C4EBBE2EC5F0A00086C35E /* Frameworks */,
				94C4EBBF2EC5F0A00086C35E /* Resources */,
			);
			buildRules = (
			);
			dependencies = (
				94FBFF1A2ECB02B300F2EBFB /* PBXTargetDependency */,
			);
			name = TravelSchedule;
			packageProductDependencies = (
				94FBFF1C2ECB02DE00F2EBFB /* OpenAPIRuntime */,
				94FBFF1F2ECB030D00F2EBFB /* OpenAPIURLSession */,
			);
			productName = TravelSchedule;
			productReference = 94C4EBC12EC5F0A00086C35E /* TravelSchedule.app */;
			productType = "com.apple.product-type.application";
		};
/* End PBXNativeTarget section */

/* Begin PBXProject section */
		94C4EBB92EC5F0A00086C35E /* Project object */ = {
			isa = PBXProject;
			attributes = {
				BuildIndependentTargetsInParallel = 1;
				LastSwiftUpdateCheck = 1620;
				LastUpgradeCheck = 1620;
				TargetAttributes = {
					94C4EBC02EC5F0A00086C35E = {
						CreatedOnToolsVersion = 16.2;
					};
				};
			};
			buildConfigurationList = 94C4EBBC2EC5F0A00086C35E /* Build configuration list for PBXProject "TravelSchedule" */;
			developmentRegion = en;
			hasScannedForEncodings = 0;
			knownRegions = (
				en,
				Base,
				ru,
			);
			mainGroup = 94C4EBB82EC5F0A00086C35E;
			minimizedProjectReferenceProxies = 1;
			packageReferences = (
				94FBFF162ECB028800F2EBFB /* XCRemoteSwiftPackageReference "swift-openapi-generator" */,
				94FBFF1B2ECB02DE00F2EBFB /* XCRemoteSwiftPackageReference "swift-openapi-runtime" */,
				94FBFF1E2ECB030D00F2EBFB /* XCRemoteSwiftPackageReference "swift-openapi-urlsession" */,
			);
			preferredProjectObjectVersion = 77;
			productRefGroup = 94C4EBC22EC5F0A00086C35E /* Products */;
			projectDirPath = "";
			projectRoot = "";
			targets = (
				94C4EBC02EC5F0A00086C35E /* TravelSchedule */,
			);
		};
/* End PBXProject section */

/* Begin PBXResourcesBuildPhase section */
		94C4EBBF2EC5F0A00086C35E /* Resources */ = {
			isa = PBXResourcesBuildPhase;
			buildActionMask = 2147483647;
			files = (
				94C4EBD82EC5F50E0086C35E /* Preview Assets.xcassets in Resources */,
				94FBFF252ECB043F00F2EBFB /* openapi-generator-config.yaml in Resources */,
				947156F52EF13D6B00C56B20 /* Localizable.xcstrings in Resources */,
				94C4EBD92EC5F50E0086C35E /* Assets.xcassets in Resources */,
				9428D1622EE9EA3700D197E6 /* LaunchScreen.storyboard in Resources */,
				94FBFF232ECB040500F2EBFB /* openapi.yaml in Resources */,
			);
			runOnlyForDeploymentPostprocessing = 0;
		};
/* End PBXResourcesBuildPhase section */

/* Begin PBXSourcesBuildPhase section */
		94C4EBBD2EC5F0A00086C35E /* Sources */ = {
			isa = PBXSourcesBuildPhase;
			buildActionMask = 2147483647;
			files = (
				945CFE9C2EFC027800930390 /* StationListView.swift in Sources */,
				94121B132F1196A900726955 /* CarrierListView.swift in Sources */,
				948B3F0F2F20D1F2007DB64F /* StationBuilder.swift in Sources */,
				944309D92EF018C200AA53FF /* RoutePickerView.swift in Sources */,
				94121B0C2F1191C100726955 /* CarrierBuilder.swift in Sources */,
				94BB4CBF2F1A1DAA007EA2A8 /* CarrierFilterTransferView.swift in Sources */,
				941E928B2EF936F300327652 /* StationView.swift in Sources */,
				94BB4CB72F1A14F7007EA2A8 /* CarrierRouteHeaderView.swift in Sources */,
				948B3F0D2F20D06F007DB64F /* StationViewModel.swift in Sources */,
				9461FFC22ED44B2F0083B7D9 /* CarrierService.swift in Sources */,
				94047D342F21FB520017481C /* StoriesViewModel.swift in Sources */,
				941E929B2EF93CE600327652 /* SettlementBuilder.swift in Sources */,
				9461FF932ECF2D840083B7D9 /* SearchService.swift in Sources */,
				944309DB2EF0199200AA53FF /* RouteFinderView.swift in Sources */,
				94BB4CBD2F1A1D1E007EA2A8 /* CarrierFilterDepartureView.swift in Sources */,
				9461FFBB2ED42E800083B7D9 /* NearestSettlementService.swift in Sources */,
				941E92652EF918C500327652 /* SearchView.swift in Sources */,
				94C4EBDA2EC5F50E0086C35E /* ContentView.swift in Sources */,
				948C40422F1E2FE0008B9C89 /* Appearance.swift in Sources */,
				9461FFC42ED44B3F0083B7D9 /* CarrierServiceProtocol.swift in Sources */,
				944309D02EF0155600AA53FF /* ScheduleView.swift in Sources */,
				94AB36F12F166E300047F09A /* CarrierContactsView.swift in Sources */,
				9461FFA82ECF414B0083B7D9 /* ScheduleServiceProtocol.swift in Sources */,
				948C40882F1E68BB008B9C89 /* TimerConfiguration.swift in Sources */,
				94FBFF2C2ECB0DDB00F2EBFB /* NearestStationsServiceProtocol.swift in Sources */,
				94AB36FD2F167FE00047F09A /* CarrierFilterView.swift in Sources */,
				941E92992EF93C7700327652 /* SettlementViewModel.swift in Sources */,
				9461FF952ECF2DB40083B7D9 /* SearchServiceProtocol.swift in Sources */,
				9407EB262F0D3E30006BFADF /* APIResponseStatus.swift in Sources */,
				94B671302ECF182B001E271D /* TimetableService.swift in Sources */,
				945CFE9E2EFC02F400930390 /* StationRowView.swift in Sources */,
				94A1FCFA2ED58AE9009C8B0F /* StationsServiceProtocol.swift in Sources */,
				94A94A6A2EF2AF7C00824913 /* Router.swift in Sources */,
				94B671322ECF1892001E271D /* TimetableServiceProtocol.swift in Sources */,
				94AB36DE2F1669580047F09A /* CarrierScheduleView.swift in Sources */,
				948C3F992F1C61B6008B9C89 /* CarrierContactsInfoView.swift in Sources */,
				94AB37602F18F58B0047F09A /* CarrierFilter.swift in Sources */,
				948C40282F1E1471008B9C89 /* ThemeManager.swift in Sources */,
				948C40652F1E5175008B9C89 /* StoryView.swift in Sources */,
				94AB36DA2F16686A0047F09A /* CarrierImageView.swift in Sources */,
				94A1FCF82ED58AD4009C8B0F /* StationsService.swift in Sources */,
				94E005A12F16210C00F576F1 /* ExtensionSegment.swift in Sources */,
				9461FFA62ECF41300083B7D9 /* ScheduleService.swift in Sources */,
				948C40442F1E3001008B9C89 /* ExtensionAppearance.swift in Sources */,
				94047D272F21ED890017481C /* StoriesRibbonViewModel.swift in Sources */,
				94A523532F14D04700E53B62 /* CarrierRowView.swift in Sources */,
				945F7AE52ED6E8E90009DB67 /* ISO8601Coder.swift in Sources */,
				948C3FBD2F1D5C54008B9C89 /* UserAgreementView.swift in Sources */,
				944309D52EF017AF00AA53FF /* SettingsView.swift in Sources */,
				941E92FA2EFA9FE500327652 /* ProgressLoadingView.swift in Sources */,
				94BB4CBA2F1A18AA007EA2A8 /* CarrierFilterButtonView.swift in Sources */,
				9461FFB02ECF4A190083B7D9 /* ThreadServiceProtocol.swift in Sources */,
				948C40482F1E3C67008B9C89 /* Story.swift in Sources */,
				941E92EA2EFA94C100327652 /* SettlementListView.swift in Sources */,
				9461FFBD2ED42E910083B7D9 /* NearestSettlementServiceProtocol.swift in Sources */,
				9407EB082F0C5726006BFADF /* ErrorView.swift in Sources */,
				941B59472ECDB02300B99489 /* CopyrightServiceProtocol.swift in Sources */,
				94AB36D42F165F300047F09A /* CarrierPlaceholderView.swift in Sources */,
				9407EAE72F0BD5C2006BFADF /* RouteExtension.swift in Sources */,
				94AB37102F1780DD0047F09A /* Transfer.swift in Sources */,
				948C404A2F1E3D09008B9C89 /* MockStories.swift in Sources */,
				948C408A2F1E6986008B9C89 /* TimerConfiguration+Calculations.swift in Sources */,
				94BB4CD12F1A2717007EA2A8 /* NavigationBackButtonView.swift in Sources */,
				948C40832F1E6788008B9C89 /* StoriesTabView.swift in Sources */,
				94BB4CB42F1A1093007EA2A8 /* MockDataConverter.swift in Sources */,
				9461FFAE2ECF49F70083B7D9 /* ThreadService.swift in Sources */,
				94E005BD2F16388600F576F1 /* ExtensionString.swift in Sources */,
				941E92822EF92DC700327652 /* SettlementRowView.swift in Sources */,
				94BB4CC22F1A1F14007EA2A8 /* CarrierFilterButtonApplyView.swift in Sources */,
				94047D2D2F21F9080017481C /* StoriesProgressBarVew+Timer.swift in Sources */,
				948C408C2F1E80EF008B9C89 /* StoriesProgressBarView.swift in Sources */,
				94A94ABC2EF2D3E000824913 /* SettlementView.swift in Sources */,
				9407EADD2F0B0D36006BFADF /* SearchStubView.swift in Sources */,
				94847B8B2F1F8E6A00265BAD /* StoriesRibbonView.swift in Sources */,
				9407EA392F03F93C006BFADF /* Route.swift in Sources */,
				948C3FD12F1D69B3008B9C89 /* UserAgreementTextView.swift in Sources */,
				94AB36E42F1669F10047F09A /* CarrierDetailsView.swift in Sources */,
				94FBFF2A2ECB0D9100F2EBFB /* NearestStationsService.swift in Sources */,
				94BB4CDB2F1A324F007EA2A8 /* RouteVersaButtonView.swift in Sources */,
				9461FF972ECF30F40083B7D9 /* BaseSerivce.swift in Sources */,
				94C4EBDB2EC5F50E0086C35E /* TravelScheduleApp.swift in Sources */,
				94121AFF2F11772E00726955 /* CarrierViewModel.swift in Sources */,
				9407EB232F0D3B3E006BFADF /* ErrorType.swift in Sources */,
				948C40582F1E4D5D008B9C89 /* StoriesView.swift in Sources */,
				9407EAE52F0BD341006BFADF /* CarrierView.swift in Sources */,
				948C406C2F1E59B6008B9C89 /* ProgressBarView.swift in Sources */,
				949EA7752ED6CD3800633E65 /* APIHelper.swift in Sources */,
				941B594A2ECDB1AD00B99489 /* CopyrightService.swift in Sources */,
				94AB370E2F1780C50047F09A /* Departure.swift in Sources */,
				94A94ABA2EF2D2D200824913 /* RouteEndpoint.swift in Sources */,
				948C404C2F1E3FB6008B9C89 /* StoryPreviewView.swift in Sources */,
			);
			runOnlyForDeploymentPostprocessing = 0;
		};
/* End PBXSourcesBuildPhase section */

/* Begin PBXTargetDependency section */
		94FBFF1A2ECB02B300F2EBFB /* PBXTargetDependency */ = {
			isa = PBXTargetDependency;
			productRef = 94FBFF192ECB02B300F2EBFB /* OpenAPIGenerator */;
		};
/* End PBXTargetDependency section */

/* Begin XCBuildConfiguration section */
		94C4EBCD2EC5F0AE0086C35E /* Debug */ = {
			isa = XCBuildConfiguration;
			buildSettings = {
				ALWAYS_SEARCH_USER_PATHS = NO;
				ASSETCATALOG_COMPILER_GENERATE_SWIFT_ASSET_SYMBOL_EXTENSIONS = YES;
				CLANG_ANALYZER_NONNULL = YES;
				CLANG_ANALYZER_NUMBER_OBJECT_CONVERSION = YES_AGGRESSIVE;
				CLANG_CXX_LANGUAGE_STANDARD = "gnu++20";
				CLANG_ENABLE_MODULES = YES;
				CLANG_ENABLE_OBJC_ARC = YES;
				CLANG_ENABLE_OBJC_WEAK = YES;
				CLANG_WARN_BLOCK_CAPTURE_AUTORELEASING = YES;
				CLANG_WARN_BOOL_CONVERSION = YES;
				CLANG_WARN_COMMA = YES;
				CLANG_WARN_CONSTANT_CONVERSION = YES;
				CLANG_WARN_DEPRECATED_OBJC_IMPLEMENTATIONS = YES;
				CLANG_WARN_DIRECT_OBJC_ISA_USAGE = YES_ERROR;
				CLANG_WARN_DOCUMENTATION_COMMENTS = YES;
				CLANG_WARN_EMPTY_BODY = YES;
				CLANG_WARN_ENUM_CONVERSION = YES;
				CLANG_WARN_INFINITE_RECURSION = YES;
				CLANG_WARN_INT_CONVERSION = YES;
				CLANG_WARN_NON_LITERAL_NULL_CONVERSION = YES;
				CLANG_WARN_OBJC_IMPLICIT_RETAIN_SELF = YES;
				CLANG_WARN_OBJC_LITERAL_CONVERSION = YES;
				CLANG_WARN_OBJC_ROOT_CLASS = YES_ERROR;
				CLANG_WARN_QUOTED_INCLUDE_IN_FRAMEWORK_HEADER = YES;
				CLANG_WARN_RANGE_LOOP_ANALYSIS = YES;
				CLANG_WARN_STRICT_PROTOTYPES = YES;
				CLANG_WARN_SUSPICIOUS_MOVE = YES;
				CLANG_WARN_UNGUARDED_AVAILABILITY = YES_AGGRESSIVE;
				CLANG_WARN_UNREACHABLE_CODE = YES;
				CLANG_WARN__DUPLICATE_METHOD_MATCH = YES;
				COPY_PHASE_STRIP = NO;
				DEBUG_INFORMATION_FORMAT = dwarf;
				ENABLE_STRICT_OBJC_MSGSEND = YES;
				ENABLE_TESTABILITY = YES;
				ENABLE_USER_SCRIPT_SANDBOXING = YES;
				GCC_C_LANGUAGE_STANDARD = gnu17;
				GCC_DYNAMIC_NO_PIC = NO;
				GCC_NO_COMMON_BLOCKS = YES;
				GCC_OPTIMIZATION_LEVEL = 0;
				GCC_PREPROCESSOR_DEFINITIONS = (
					"DEBUG=1",
					"$(inherited)",
				);
				GCC_WARN_64_TO_32_BIT_CONVERSION = YES;
				GCC_WARN_ABOUT_RETURN_TYPE = YES_ERROR;
				GCC_WARN_UNDECLARED_SELECTOR = YES;
				GCC_WARN_UNINITIALIZED_AUTOS = YES_AGGRESSIVE;
				GCC_WARN_UNUSED_FUNCTION = YES;
				GCC_WARN_UNUSED_VARIABLE = YES;
				IPHONEOS_DEPLOYMENT_TARGET = 18.2;
				LOCALIZATION_PREFERS_STRING_CATALOGS = YES;
				MTL_ENABLE_DEBUG_INFO = INCLUDE_SOURCE;
				MTL_FAST_MATH = YES;
				ONLY_ACTIVE_ARCH = YES;
				SDKROOT = iphoneos;
				SWIFT_ACTIVE_COMPILATION_CONDITIONS = "DEBUG $(inherited)";
				SWIFT_EMIT_LOC_STRINGS = YES;
				SWIFT_OPTIMIZATION_LEVEL = "-Onone";
			};
			name = Debug;
		};
		94C4EBCE2EC5F0AE0086C35E /* Release */ = {
			isa = XCBuildConfiguration;
			buildSettings = {
				ALWAYS_SEARCH_USER_PATHS = NO;
				ASSETCATALOG_COMPILER_GENERATE_SWIFT_ASSET_SYMBOL_EXTENSIONS = YES;
				CLANG_ANALYZER_NONNULL = YES;
				CLANG_ANALYZER_NUMBER_OBJECT_CONVERSION = YES_AGGRESSIVE;
				CLANG_CXX_LANGUAGE_STANDARD = "gnu++20";
				CLANG_ENABLE_MODULES = YES;
				CLANG_ENABLE_OBJC_ARC = YES;
				CLANG_ENABLE_OBJC_WEAK = YES;
				CLANG_WARN_BLOCK_CAPTURE_AUTORELEASING = YES;
				CLANG_WARN_BOOL_CONVERSION = YES;
				CLANG_WARN_COMMA = YES;
				CLANG_WARN_CONSTANT_CONVERSION = YES;
				CLANG_WARN_DEPRECATED_OBJC_IMPLEMENTATIONS = YES;
				CLANG_WARN_DIRECT_OBJC_ISA_USAGE = YES_ERROR;
				CLANG_WARN_DOCUMENTATION_COMMENTS = YES;
				CLANG_WARN_EMPTY_BODY = YES;
				CLANG_WARN_ENUM_CONVERSION = YES;
				CLANG_WARN_INFINITE_RECURSION = YES;
				CLANG_WARN_INT_CONVERSION = YES;
				CLANG_WARN_NON_LITERAL_NULL_CONVERSION = YES;
				CLANG_WARN_OBJC_IMPLICIT_RETAIN_SELF = YES;
				CLANG_WARN_OBJC_LITERAL_CONVERSION = YES;
				CLANG_WARN_OBJC_ROOT_CLASS = YES_ERROR;
				CLANG_WARN_QUOTED_INCLUDE_IN_FRAMEWORK_HEADER = YES;
				CLANG_WARN_RANGE_LOOP_ANALYSIS = YES;
				CLANG_WARN_STRICT_PROTOTYPES = YES;
				CLANG_WARN_SUSPICIOUS_MOVE = YES;
				CLANG_WARN_UNGUARDED_AVAILABILITY = YES_AGGRESSIVE;
				CLANG_WARN_UNREACHABLE_CODE = YES;
				CLANG_WARN__DUPLICATE_METHOD_MATCH = YES;
				COPY_PHASE_STRIP = NO;
				DEBUG_INFORMATION_FORMAT = "dwarf-with-dsym";
				ENABLE_NS_ASSERTIONS = NO;
				ENABLE_STRICT_OBJC_MSGSEND = YES;
				ENABLE_USER_SCRIPT_SANDBOXING = YES;
				GCC_C_LANGUAGE_STANDARD = gnu17;
				GCC_NO_COMMON_BLOCKS = YES;
				GCC_WARN_64_TO_32_BIT_CONVERSION = YES;
				GCC_WARN_ABOUT_RETURN_TYPE = YES_ERROR;
				GCC_WARN_UNDECLARED_SELECTOR = YES;
				GCC_WARN_UNINITIALIZED_AUTOS = YES_AGGRESSIVE;
				GCC_WARN_UNUSED_FUNCTION = YES;
				GCC_WARN_UNUSED_VARIABLE = YES;
				IPHONEOS_DEPLOYMENT_TARGET = 18.2;
				LOCALIZATION_PREFERS_STRING_CATALOGS = YES;
				MTL_ENABLE_DEBUG_INFO = NO;
				MTL_FAST_MATH = YES;
				SDKROOT = iphoneos;
				SWIFT_COMPILATION_MODE = wholemodule;
				SWIFT_EMIT_LOC_STRINGS = YES;
				VALIDATE_PRODUCT = YES;
			};
			name = Release;
		};
		94C4EBD02EC5F0AE0086C35E /* Debug */ = {
			isa = XCBuildConfiguration;
			buildSettings = {
				ASSETCATALOG_COMPILER_APPICON_NAME = AppIcon;
				ASSETCATALOG_COMPILER_GLOBAL_ACCENT_COLOR_NAME = AccentColor;
				CODE_SIGN_STYLE = Automatic;
				CURRENT_PROJECT_VERSION = 1;
				DEVELOPMENT_ASSET_PATHS = "\"TravelSchedule/Preview Content\"";
				DEVELOPMENT_TEAM = 9CRL79R2YB;
				ENABLE_PREVIEWS = YES;
				GENERATE_INFOPLIST_FILE = YES;
				INFOPLIST_KEY_UIApplicationSceneManifest_Generation = YES;
				INFOPLIST_KEY_UIApplicationSupportsIndirectInputEvents = YES;
				INFOPLIST_KEY_UILaunchScreen_Generation = YES;
				INFOPLIST_KEY_UILaunchStoryboardName = LaunchScreen.storyboard;
				INFOPLIST_KEY_UIRequiresFullScreen = YES;
				INFOPLIST_KEY_UISupportedInterfaceOrientations = UIInterfaceOrientationPortrait;
				IPHONEOS_DEPLOYMENT_TARGET = 17.0;
				LD_RUNPATH_SEARCH_PATHS = (
					"$(inherited)",
					"@executable_path/Frameworks",
				);
				MARKETING_VERSION = 1.0;
				PRODUCT_BUNDLE_IDENTIFIER = ru.redmadcat.TravelSchedule;
				PRODUCT_NAME = "$(TARGET_NAME)";
				SWIFT_EMIT_LOC_STRINGS = YES;
				SWIFT_STRICT_CONCURRENCY = complete;
				SWIFT_VERSION = 5.0;
				TARGETED_DEVICE_FAMILY = "1,2";
			};
			name = Debug;
		};
		94C4EBD12EC5F0AE0086C35E /* Release */ = {
			isa = XCBuildConfiguration;
			buildSettings = {
				ASSETCATALOG_COMPILER_APPICON_NAME = AppIcon;
				ASSETCATALOG_COMPILER_GLOBAL_ACCENT_COLOR_NAME = AccentColor;
				CODE_SIGN_STYLE = Automatic;
				CURRENT_PROJECT_VERSION = 1;
				DEVELOPMENT_ASSET_PATHS = "\"TravelSchedule/Preview Content\"";
				DEVELOPMENT_TEAM = 9CRL79R2YB;
				ENABLE_PREVIEWS = YES;
				GENERATE_INFOPLIST_FILE = YES;
				INFOPLIST_KEY_UIApplicationSceneManifest_Generation = YES;
				INFOPLIST_KEY_UIApplicationSupportsIndirectInputEvents = YES;
				INFOPLIST_KEY_UILaunchScreen_Generation = YES;
				INFOPLIST_KEY_UILaunchStoryboardName = LaunchScreen.storyboard;
				INFOPLIST_KEY_UIRequiresFullScreen = YES;
				INFOPLIST_KEY_UISupportedInterfaceOrientations = UIInterfaceOrientationPortrait;
				IPHONEOS_DEPLOYMENT_TARGET = 17.0;
				LD_RUNPATH_SEARCH_PATHS = (
					"$(inherited)",
					"@executable_path/Frameworks",
				);
				MARKETING_VERSION = 1.0;
				PRODUCT_BUNDLE_IDENTIFIER = ru.redmadcat.TravelSchedule;
				PRODUCT_NAME = "$(TARGET_NAME)";
				SWIFT_EMIT_LOC_STRINGS = YES;
				SWIFT_STRICT_CONCURRENCY = complete;
				SWIFT_VERSION = 5.0;
				TARGETED_DEVICE_FAMILY = "1,2";
			};
			name = Release;
		};
/* End XCBuildConfiguration section */

/* Begin XCConfigurationList section */
		94C4EBBC2EC5F0A00086C35E /* Build configuration list for PBXProject "TravelSchedule" */ = {
			isa = XCConfigurationList;
			buildConfigurations = (
				94C4EBCD2EC5F0AE0086C35E /* Debug */,
				94C4EBCE2EC5F0AE0086C35E /* Release */,
			);
			defaultConfigurationIsVisible = 0;
			defaultConfigurationName = Release;
		};
		94C4EBCF2EC5F0AE0086C35E /* Build configuration list for PBXNativeTarget "TravelSchedule" */ = {
			isa = XCConfigurationList;
			buildConfigurations = (
				94C4EBD02EC5F0AE0086C35E /* Debug */,
				94C4EBD12EC5F0AE0086C35E /* Release */,
			);
			defaultConfigurationIsVisible = 0;
			defaultConfigurationName = Release;
		};
/* End XCConfigurationList section */

/* Begin XCRemoteSwiftPackageReference section */
		94FBFF162ECB028800F2EBFB /* XCRemoteSwiftPackageReference "swift-openapi-generator" */ = {
			isa = XCRemoteSwiftPackageReference;
			repositoryURL = "https://github.com/apple/swift-openapi-generator";
			requirement = {
				kind = upToNextMajorVersion;
				minimumVersion = 1.10.3;
			};
		};
		94FBFF1B2ECB02DE00F2EBFB /* XCRemoteSwiftPackageReference "swift-openapi-runtime" */ = {
			isa = XCRemoteSwiftPackageReference;
			repositoryURL = "https://github.com/apple/swift-openapi-runtime/";
			requirement = {
				kind = upToNextMajorVersion;
				minimumVersion = 1.8.3;
			};
		};
		94FBFF1E2ECB030D00F2EBFB /* XCRemoteSwiftPackageReference "swift-openapi-urlsession" */ = {
			isa = XCRemoteSwiftPackageReference;
			repositoryURL = "https://github.com/apple/swift-openapi-urlsession";
			requirement = {
				kind = upToNextMajorVersion;
				minimumVersion = 1.2.0;
			};
		};
/* End XCRemoteSwiftPackageReference section */

/* Begin XCSwiftPackageProductDependency section */
		94FBFF192ECB02B300F2EBFB /* OpenAPIGenerator */ = {
			isa = XCSwiftPackageProductDependency;
			package = 94FBFF162ECB028800F2EBFB /* XCRemoteSwiftPackageReference "swift-openapi-generator" */;
			productName = "plugin:OpenAPIGenerator";
		};
		94FBFF1C2ECB02DE00F2EBFB /* OpenAPIRuntime */ = {
			isa = XCSwiftPackageProductDependency;
			package = 94FBFF1B2ECB02DE00F2EBFB /* XCRemoteSwiftPackageReference "swift-openapi-runtime" */;
			productName = OpenAPIRuntime;
		};
		94FBFF1F2ECB030D00F2EBFB /* OpenAPIURLSession */ = {
			isa = XCSwiftPackageProductDependency;
			package = 94FBFF1E2ECB030D00F2EBFB /* XCRemoteSwiftPackageReference "swift-openapi-urlsession" */;
			productName = OpenAPIURLSession;
		};
/* End XCSwiftPackageProductDependency section */
	};
	rootObject = 94C4EBB92EC5F0A00086C35E /* Project object */;
}
